
Microsoft Visual Studio Solution File, Format Version 12.00
# Visual Studio Version 17
VisualStudioVersion = 17.9.34616.47
MinimumVisualStudioVersion = 10.0.40219.1
Project("{9A19103F-16F7-4668-BE54-9A1E7A4F7556}") = "sortArrayBySecondElement", "sortArrayBySecondElement\sortArrayBySecondElement.csproj", "{FC5EE6E0-7ECA-41C6-B368-189F75157799}"
EndProject
Project("{9A19103F-16F7-4668-BE54-9A1E7A4F7556}") = "ConcatenationArray1929", "ConcatenationArray1929\ConcatenationArray1929.csproj", "{6557E04A-3AFA-4B54-A975-AD5BD5385FFB}"
EndProject
Project("{9A19103F-16F7-4668-BE54-9A1E7A4F7556}") = "BuildArrayFromPermutation1920", "BuildArrayFromPermutation\BuildArrayFromPermutation1920.csproj", "{551681C2-53B5-4EAB-B82A-FE37C0CB9755}"
EndProject
Project("{9A19103F-16F7-4668-BE54-9A1E7A4F7556}") = "NumberOfGoodPairs1512", "NumberOfGoodPairs1512\NumberOfGoodPairs1512.csproj", "{6EBAA64E-E1BA-482C-B3DF-8CAE170AAFDE}"
EndProject
Project("{9A19103F-16F7-4668-BE54-9A1E7A4F7556}") = "FinalValueOfVariableAfterPerformingOperations2011", "FinalValueOfVariableAfterPerformingOperations2011\FinalValueOfVariableAfterPerformingOperations2011.csproj", "{E9D9B954-93B4-475F-94F4-537D090C14FD}"
EndProject
Project("{9A19103F-16F7-4668-BE54-9A1E7A4F7556}") = "ShuffleTheArray1470", "ShuffleTheArray1470\ShuffleTheArray1470.csproj", "{407064A6-E588-46BA-AFF2-1A525A4B0278}"
EndProject
Project("{9A19103F-16F7-4668-BE54-9A1E7A4F7556}") = "FindWordsContainingCharacter2942", "FindWordsContainingCharacter2942\FindWordsContainingCharacter2942.csproj", "{5521E7F5-43A8-4483-84E7-984C960BC59A}"
EndProject
Project("{9A19103F-16F7-4668-BE54-9A1E7A4F7556}") = "WidestVerticalAreaBetweenTwoPointsContainigNoPoints1637", "WidestVerticalAreaBetweenTwoPointsContainigNoPoints1637\WidestVerticalAreaBetweenTwoPointsContainigNoPoints1637.csproj", "{82B0CEB2-2C6B-46DE-B5B4-FCE057BD013C}"
EndProject
Project("{9A19103F-16F7-4668-BE54-9A1E7A4F7556}") = "RichestCustomerWealth1672", "RichestCustomerWealth1672\RichestCustomerWealth1672.csproj", "{49A86031-1CC9-49F7-AE79-178F8CA02AEC}"
EndProject
Project("{9A19103F-16F7-4668-BE54-9A1E7A4F7556}") = "NumberOfEmployessWhoMetTheTarget2798", "NumberOfEmployessWhoMetTheTarget2798\NumberOfEmployessWhoMetTheTarget2798.csproj", "{C7903123-9C61-434B-A82A-41034C13B223}"
EndProject
Project("{9A19103F-16F7-4668-BE54-9A1E7A4F7556}") = "PrimeInDiagonal2614", "PrimeInDiagonal2614\PrimeInDiagonal2614.csproj", "{A9236C48-E54F-4B24-9B20-53F278A56E31}"
EndProject
Project("{9A19103F-16F7-4668-BE54-9A1E7A4F7556}") = "KidsWithTheGreatestNumberOfCandies1431", "KidsWithTheGreatestNumberOfCandies1431\KidsWithTheGreatestNumberOfCandies1431.csproj", "{4C671F68-301D-46ED-A660-B923559C336E}"
EndProject
Project("{9A19103F-16F7-4668-BE54-9A1E7A4F7556}") = "DetectPatternOfLenghtMRepeatedKorMoreTimes1566", "DetectPatternOfLenghtMRepeatedKorMoreTimes1566\DetectPatternOfLenghtMRepeatedKorMoreTimes1566.csproj", "{826AEF85-5800-4694-9F24-08857F4B1E9B}"
EndProject
Project("{9A19103F-16F7-4668-BE54-9A1E7A4F7556}") = "CountPairsWhoseSumİsLessThanTarger2824", "CountPairsWhoseSumİsLessThanTarger2824\CountPairsWhoseSumİsLessThanTarger2824.csproj", "{73CF650B-20E3-4EFA-8364-4DE5594603AE}"
EndProject
Project("{9A19103F-16F7-4668-BE54-9A1E7A4F7556}") = "MaximumSumWithExactlyKElements2656", "MaximumSumWithExactlyKElements2656\MaximumSumWithExactlyKElements2656.csproj", "{66385219-FA3D-4EE2-8C02-3B8C11911EC3}"
EndProject
Project("{9A19103F-16F7-4668-BE54-9A1E7A4F7556}") = "CheckİfArrayIsGood2784", "CheckİfArrayIsGood2784\CheckİfArrayIsGood2784.csproj", "{2B70895E-1A23-49D5-91F5-01D1411947A8}"
EndProject
Project("{9A19103F-16F7-4668-BE54-9A1E7A4F7556}") = "MaxPairSumInAnArray2815", "MazPairSumInAnArray2815\MaxPairSumInAnArray2815.csproj", "{9CC53981-8C3C-4097-A72D-441D2B18892B}"
EndProject
Project("{9A19103F-16F7-4668-BE54-9A1E7A4F7556}") = "RunningSumOf1dArray1480", "RunningSumOf1dArray\RunningSumOf1dArray1480.csproj", "{77BDCC25-76B9-450B-B81F-3B032E28F606}"
EndProject
Project("{9A19103F-16F7-4668-BE54-9A1E7A4F7556}") = "HowManyNumbersAreSmallerThanTheCurrentNumber1365", "HowManyNumbersAreSmallerThanTheCurrentNumber\HowManyNumbersAreSmallerThanTheCurrentNumber1365.csproj", "{1A1B49F9-1917-42F6-A030-C871EDEDF53D}"
EndProject
Project("{9A19103F-16F7-4668-BE54-9A1E7A4F7556}") = "MaximumNumberOfWordsFoundInSentences2114", "MaximumNumberOfWordsFoundInSentences2114\MaximumNumberOfWordsFoundInSentences2114.csproj", "{73DA1818-CA90-4CBF-81F7-6C61655EB521}"
EndProject
Project("{9A19103F-16F7-4668-BE54-9A1E7A4F7556}") = "NumberOfValidWordsInASentence2047", "NumberOfValidWordsInASentence2047\NumberOfValidWordsInASentence2047.csproj", "{57AB8DD2-BDF4-46CD-BAB4-F89AC853F540}"
EndProject
Project("{9A19103F-16F7-4668-BE54-9A1E7A4F7556}") = "SumOfValuesAtIndicesWithKSetBits2859", "SumOfValuesAtIndicesWithKSetBits\SumOfValuesAtIndicesWithKSetBits2859.csproj", "{F8C95026-FA8F-4EBF-8D54-87338227496D}"
EndProject
Project("{9A19103F-16F7-4668-BE54-9A1E7A4F7556}") = "MinimumRightShiftsToSortTheArray2855", "MinimumRightShiftsToSortTheArray2855\MinimumRightShiftsToSortTheArray2855.csproj", "{F1063AF1-283B-44A5-BE86-B5B301519215}"
EndProject
Project("{9A19103F-16F7-4668-BE54-9A1E7A4F7556}") = "DecodeXORedArray1720", "DecodeXORedArray1720\DecodeXORedArray1720.csproj", "{5372EE7F-2381-4A98-8534-AF3812624734}"
EndProject
Project("{9A19103F-16F7-4668-BE54-9A1E7A4F7556}") = "LeftAndRightSumDifferences2574", "LeftAndRightSumDifferences2574\LeftAndRightSumDifferences2574.csproj", "{F649F043-2145-4326-A102-110F70FB8C2D}"
EndProject
Project("{9A19103F-16F7-4668-BE54-9A1E7A4F7556}") = "CreateTargetArrayInTheGivenOrder1389", "CreateTargetArrayInTheGivenOrder1389\CreateTargetArrayInTheGivenOrder1389.csproj", "{CAD79A96-183F-4F7E-9161-73CBD9D71EC4}"
EndProject
Project("{9A19103F-16F7-4668-BE54-9A1E7A4F7556}") = "DecompressRunLengthEncodedList1313", "DecompressRunLengthEncodedList1313\DecompressRunLengthEncodedList1313.csproj", "{69D34D67-CC08-4F09-8634-42BD8E4523B4}"
EndProject
Project("{9A19103F-16F7-4668-BE54-9A1E7A4F7556}") = "MinimumNumberGame2974", "MinimumNumberGame2974\MinimumNumberGame2974.csproj", "{B82ABADC-2D21-4978-9ABD-61449BE5D657}"
EndProject
Project("{9A19103F-16F7-4668-BE54-9A1E7A4F7556}") = "CheckIfTwoStringArraysAreEquivalent1662", "CheckIfTwoStringArraysAreEquivalent1662\CheckIfTwoStringArraysAreEquivalent1662.csproj", "{B48BADB7-F2E5-491C-94BA-B27C8BC65E12}"
EndProject
Project("{9A19103F-16F7-4668-BE54-9A1E7A4F7556}") = "CountItemsMatchingARule1773", "CountItemsMatchingARule1773\CountItemsMatchingARule1773.csproj", "{FDA26B29-D3DA-4C61-9DD9-F13FB458F72B}"
EndProject
Project("{9A19103F-16F7-4668-BE54-9A1E7A4F7556}") = "LargestLocalValueMatrix2373", "LargestLocalValueMatrix2373\LargestLocalValueMatrix2373\LargestLocalValueMatrix2373.csproj", "{1F9FB244-E4EF-4D5B-966C-45D57B2CEB4B}"
EndProject
Project("{9A19103F-16F7-4668-BE54-9A1E7A4F7556}") = "SumOfAllSubsetXORTotal1863", "SumOfAllSubsetXORTotal1863\SumOfAllSubsetXORTotal1863\SumOfAllSubsetXORTotal1863.csproj", "{DBC792C8-D0EE-46E1-9D0A-ADB019AF6B2D}"
EndProject
Project("{9A19103F-16F7-4668-BE54-9A1E7A4F7556}") = "MinimumNumberOfMovesToSeat2037", "MinimumNumberOfMovesToSeat2037\MinimumNumberOfMovesToSeat2037\MinimumNumberOfMovesToSeat2037.csproj", "{FFDAD37C-B3FF-4F1C-A7FD-F08A2C5E3FD8}"
EndProject
Project("{9A19103F-16F7-4668-BE54-9A1E7A4F7556}") = "FindTheNumberOfGoodPairsI_3162", "FindTheNumberOfGoodPairsI_3162\FindTheNumberOfGoodPairsI_3162\FindTheNumberOfGoodPairsI_3162.csproj", "{A8C2B5BA-AC0E-45C2-B448-50F273996887}"
EndProject
Project("{9A19103F-16F7-4668-BE54-9A1E7A4F7556}") = "MinimumToExceedThresholdValue1_3065", "MinimumToExceedThresholdValue1_3065\MinimumToExceedThresholdValue1_3065\MinimumToExceedThresholdValue1_3065.csproj", "{A4E6EDAF-41BB-485B-8581-A4ABCBE5621D}"
EndProject
Project("{9A19103F-16F7-4668-BE54-9A1E7A4F7556}") = "TruncateSentence1816", "TruncateSentence1816\TruncateSentence1816\TruncateSentence1816.csproj", "{80761C95-EA20-4540-A5B3-3AD5B7D82B1A}"
EndProject
Project("{9A19103F-16F7-4668-BE54-9A1E7A4F7556}") = "ShuffleString1528", "ShuffleString1528\ShuffleString1528\ShuffleString1528.csproj", "{640C9BA3-A684-4BB7-AFF1-ECFF2640160A}"
EndProject
Project("{9A19103F-16F7-4668-BE54-9A1E7A4F7556}") = "DesignAnOrderedStream1656", "DesignAnOrderedStream1656\DesignAnOrderedStream1656\DesignAnOrderedStream1656.csproj", "{0BD75059-3755-42FD-9DFA-CAFE2A3055CA}"
EndProject
Project("{9A19103F-16F7-4668-BE54-9A1E7A4F7556}") = "DiffArraySumAndDigitSumArray2535", "DiffArraySumAndDigitSumArray2535\DiffArraySumAndDigitSumArray2535\DiffArraySumAndDigitSumArray2535.csproj", "{D6D4FEEF-FB68-4D2D-B58D-003D9B139A91}"
EndProject
Project("{9A19103F-16F7-4668-BE54-9A1E7A4F7556}") = "NumberOfArithmeticTriplets2367", "NumberOfArithmeticTriplets2367\NumberOfArithmeticTriplets2367\NumberOfArithmeticTriplets2367.csproj", "{9CD2CAB9-B992-49EA-A803-2576F7513C47}"
EndProject
Project("{9A19103F-16F7-4668-BE54-9A1E7A4F7556}") = "CountNumberofPairsAbsoluteDifferenceK2006", "2006\CountNumberofPairsAbsoluteDifferenceK2006\CountNumberofPairsAbsoluteDifferenceK2006.csproj", "{42F14D4C-D9A2-4882-9DC5-D294CB247D06}"
EndProject
Project("{9A19103F-16F7-4668-BE54-9A1E7A4F7556}") = "FindFirstPalinromInArray2108", "FindFirstPalinromInArray2108\FindFirstPalinromInArray2108\FindFirstPalinromInArray2108.csproj", "{39823EB9-F7C6-4AB3-B5BE-26B3EF210863}"
EndProject
Project("{9A19103F-16F7-4668-BE54-9A1E7A4F7556}") = "3158", "3158\3158\3158.csproj", "{5C68A4A3-9F1A-423C-AA64-68A4F6F5871D}"
EndProject
Project("{9A19103F-16F7-4668-BE54-9A1E7A4F7556}") = "1684", "1684\1684\1684.csproj", "{2CC30EEA-B6D2-4B47-8BFE-CCE9F9B723E8}"
EndProject
Project("{9A19103F-16F7-4668-BE54-9A1E7A4F7556}") = "1732", "1732\1732\1732.csproj", "{E2AD17E1-095E-4D52-956C-7AAEB033CD44}"
EndProject
Project("{9A19103F-16F7-4668-BE54-9A1E7A4F7556}") = "2956", "2956\2956\2956.csproj", "{AFA1D7E5-5522-4592-9A04-35D57DD80A73}"
EndProject
Project("{9A19103F-16F7-4668-BE54-9A1E7A4F7556}") = "1572", "1572\1572\1572.csproj", "{DA24FACF-CEDE-48C3-A8BB-51EDF6E05387}"
EndProject
Project("{9A19103F-16F7-4668-BE54-9A1E7A4F7556}") = "2828", "2828\2828\2828.csproj", "{CE2BC6E6-8AFB-4066-B35C-54D41D216FE5}"
EndProject
Project("{9A19103F-16F7-4668-BE54-9A1E7A4F7556}") = "804", "804\804\804.csproj", "{AFBD60D5-A790-4319-8167-3B5CB0C202DE}"
EndProject
Project("{9A19103F-16F7-4668-BE54-9A1E7A4F7556}") = "1913", "1913\1913\1913.csproj", "{D43E998A-5E83-4537-B363-F91826157EEB}"
EndProject
Project("{9A19103F-16F7-4668-BE54-9A1E7A4F7556}") = "1464", "1464\1464\1464.csproj", "{D2E034A5-C643-4444-A4D2-A55B920B2975}"
EndProject
Project("{9A19103F-16F7-4668-BE54-9A1E7A4F7556}") = "2913", "2913\2913\2913.csproj", "{003EB21E-FC1D-4755-9394-6F5140A03E66}"
EndProject
Project("{9A19103F-16F7-4668-BE54-9A1E7A4F7556}") = "1266", "1266\1266\1266.csproj", "{9D37B97E-96D5-41C0-ACEF-D97BCEDE1220}"
EndProject
Project("{9A19103F-16F7-4668-BE54-9A1E7A4F7556}") = "3131", "3131\3131\3131.csproj", "{1A4BD5A6-3991-4279-AA0B-96B436741E10}"
EndProject
Project("{9A19103F-16F7-4668-BE54-9A1E7A4F7556}") = "832", "832\832\832.csproj", "{20FEF63C-D373-4025-A87F-DB42759F126C}"
EndProject
Project("{9A19103F-16F7-4668-BE54-9A1E7A4F7556}") = "1534", "1534\1534\1534.csproj", "{C53483B4-37FD-476A-8EA8-D53C4D7122F0}"
EndProject
Project("{9A19103F-16F7-4668-BE54-9A1E7A4F7556}") = "2744", "2744\2744\2744.csproj", "{118C22C5-1975-48A1-8346-E8327909D6D1}"
EndProject
Project("{9A19103F-16F7-4668-BE54-9A1E7A4F7556}") = "2778", "2778\2778\2778.csproj", "{4225E1EE-A924-49E3-8062-1AB3350416EC}"
EndProject
Project("{9A19103F-16F7-4668-BE54-9A1E7A4F7556}") = "1051", "1051\1051\1051.csproj", "{85803DF7-2B1A-4769-8FF2-55AB549DCC81}"
EndProject
Project("{9A19103F-16F7-4668-BE54-9A1E7A4F7556}") = "2960", "2960\2960\2960.csproj", "{38762783-7F4C-48FD-B1F2-03E6F7E5EA76}"
EndProject
Project("{9A19103F-16F7-4668-BE54-9A1E7A4F7556}") = "2418", "2418\2418\2418.csproj", "{5F0FE8F5-EB07-4303-ACE7-4FD4DD4B4F74}"
EndProject
Project("{9A19103F-16F7-4668-BE54-9A1E7A4F7556}") = "1827", "1827\1827\1827.csproj", "{CBB133FD-F214-44AD-B5B8-46F7E5EA5C8D}"
EndProject
Project("{9A19103F-16F7-4668-BE54-9A1E7A4F7556}") = "3184", "3184\3184\3184.csproj", "{880A10D0-A5F1-4C13-9B42-04F424037B07}"
EndProject
Project("{9A19103F-16F7-4668-BE54-9A1E7A4F7556}") = "1436", "1436\1436\1436.csproj", "{088EF224-BCB5-4CBE-9692-2AC40BCD28AD}"
EndProject
Project("{9A19103F-16F7-4668-BE54-9A1E7A4F7556}") = "2176", "2176\2176\2176.csproj", "{1D1A84A6-8747-43F7-BBED-30EADF49F286}"
EndProject
Project("{9A19103F-16F7-4668-BE54-9A1E7A4F7556}") = "2553", "2553\2553\2553.csproj", "{31CF2372-A3F4-4357-959E-EFCD1572A1F8}"
EndProject
Project("{9A19103F-16F7-4668-BE54-9A1E7A4F7556}") = "561", "561\561\561.csproj", "{BEF5696F-21A6-4249-8EA1-2ADAB1772CCC}"
EndProject
Project("{9A19103F-16F7-4668-BE54-9A1E7A4F7556}") = "3005", "3005\3005\3005.csproj", "{B1FBA382-64AE-4DB9-BDA5-FCAE1778EF8B}"
EndProject
Project("{9A19103F-16F7-4668-BE54-9A1E7A4F7556}") = "2215", "2215\2215\2215.csproj", "{316E7EA5-C309-4514-99C5-1C9CDE00D859}"
EndProject
Project("{9A19103F-16F7-4668-BE54-9A1E7A4F7556}") = "1252", "1252\1252\1252.csproj", "{CC7ECAE2-1768-4CD1-9C60-1760A913CC5D}"
EndProject
Project("{9A19103F-16F7-4668-BE54-9A1E7A4F7556}") = "1725", "1725\1725\1725.csproj", "{68E0B94A-6E17-44E8-856F-55EF913592A2}"
EndProject
Project("{9A19103F-16F7-4668-BE54-9A1E7A4F7556}") = "1356", "1356\1356\1356.csproj", "{67486085-B345-4E73-8E4B-FD1CCA54D8E2}"
EndProject
Project("{9A19103F-16F7-4668-BE54-9A1E7A4F7556}") = "1700", "1700\1700\1700.csproj", "{1D8A1256-04E9-4090-843E-961EA1D13EFF}"
EndProject
Project("{9A19103F-16F7-4668-BE54-9A1E7A4F7556}") = "2185", "2185\2185\2185.csproj", "{A3F180F9-8715-4552-9D25-BF162667FD2C}"
EndProject
Project("{9A19103F-16F7-4668-BE54-9A1E7A4F7556}") = "2500", "2500\2500\2500.csproj", "{A666B965-9CF1-463C-A802-C770F4312A7E}"
EndProject
Project("{9A19103F-16F7-4668-BE54-9A1E7A4F7556}") = "1475", "1475\1475\1475.csproj", "{95C70420-32BF-4F95-9E62-91393C554223}"
EndProject
Project("{9A19103F-16F7-4668-BE54-9A1E7A4F7556}") = "1979", "1979\1979\1979.csproj", "{C53A2D5F-C256-4BD0-9270-D039B3B64F36}"
EndProject
Project("{9A19103F-16F7-4668-BE54-9A1E7A4F7556}") = "1748", "1748\1748\1748.csproj", "{9E8812F7-183E-4255-9B7E-307F404E7ACB}"
EndProject
Project("{9A19103F-16F7-4668-BE54-9A1E7A4F7556}") = "2670", "2670\2670\2670.csproj", "{2057CB99-E64F-4C6E-A8EB-DCBD3BA57934}"
EndProject
Project("{9A19103F-16F7-4668-BE54-9A1E7A4F7556}") = "1351", "1351\1351\1351.csproj", "{C607FD08-1953-43CB-AFA7-1087F4FBB3C8}"
EndProject
Project("{9A19103F-16F7-4668-BE54-9A1E7A4F7556}") = "1207", "1207\1207\1207.csproj", "{776160D2-20DD-4E4C-BFBD-1A3BDFA828CE}"
EndProject
Project("{9A19103F-16F7-4668-BE54-9A1E7A4F7556}") = "1295", "1295\1295\1295.csproj", "{F4CDD252-4CB6-45F9-95D1-264E909A4DC3}"
EndProject
Project("{9A19103F-16F7-4668-BE54-9A1E7A4F7556}") = "961", "961\961\961.csproj", "{B887D1AD-D4AC-4791-A1B6-7693A1037C26}"
EndProject
Project("{9A19103F-16F7-4668-BE54-9A1E7A4F7556}") = "682", "682\682\682.csproj", "{289CCE89-B99F-474E-98BA-FED68C2C76F0}"
EndProject
Project("{9A19103F-16F7-4668-BE54-9A1E7A4F7556}") = "2678", "2678\2678\2678.csproj", "{468512F8-17FA-47CE-A6F7-1159017C0A76}"
EndProject
Project("{9A19103F-16F7-4668-BE54-9A1E7A4F7556}") = "2733", "2733\2733\2733.csproj", "{EF071191-FFA4-47A9-B37C-281EF6E7E03A}"
EndProject
Project("{9A19103F-16F7-4668-BE54-9A1E7A4F7556}") = "2089", "2089\2089\2089.csproj", "{48D599B6-1143-4A5A-9641-8C674858AD64}"
EndProject
Project("{9A19103F-16F7-4668-BE54-9A1E7A4F7556}") = "905", "905\905\905.csproj", "{25A3B166-9E5E-43C4-8698-C27FCD264225}"
EndProject
Project("{9A19103F-16F7-4668-BE54-9A1E7A4F7556}") = "1304", "1304\1304\1304.csproj", "{386AAFBF-CE70-4A1C-A485-03BD863D84B4}"
EndProject
Project("{9A19103F-16F7-4668-BE54-9A1E7A4F7556}") = "3151", "3151\3151\3151.csproj", "{6316EB52-553C-4E2C-BF98-524C173EF816}"
EndProject
Project("{9A19103F-16F7-4668-BE54-9A1E7A4F7556}") = "2932", "2932\2932\2932.csproj", "{62F60E24-785F-437E-80C1-0927EAE66A5A}"
EndProject
Project("{9A19103F-16F7-4668-BE54-9A1E7A4F7556}") = "1450", "1450\1450\1450.csproj", "{B2D6608F-4E6C-4915-8478-20911B491C7F}"
EndProject
Project("{9A19103F-16F7-4668-BE54-9A1E7A4F7556}") = "2363", "2363\2363\2363.csproj", "{4F62FC15-DEB5-427C-B4E4-FB117E1F8BA7}"
EndProject
Project("{9A19103F-16F7-4668-BE54-9A1E7A4F7556}") = "2965", "2965\2965\2965.csproj", "{2CB7EAD8-3124-4A39-A1CD-5A7A65C456D3}"
EndProject
Project("{9A19103F-16F7-4668-BE54-9A1E7A4F7556}") = "2951", "2951\2951\2951.csproj", "{2EBB9245-0ADC-4024-82DE-BDE1F9EECDAF}"
EndProject
Project("{9A19103F-16F7-4668-BE54-9A1E7A4F7556}") = "2643", "2643\2643\2643.csproj", "{54FD4769-DF08-425C-BECA-8BC78332F07B}"
EndProject
Project("{9A19103F-16F7-4668-BE54-9A1E7A4F7556}") = "2032", "2032\2032\2032.csproj", "{23D5A97F-1C3B-4335-9271-EFB1D5C6A5D9}"
EndProject
Project("{9A19103F-16F7-4668-BE54-9A1E7A4F7556}") = "2341", "2341\2341\2341.csproj", "{E0E930E6-EE8B-402D-AABD-2CCAAD943440}"
EndProject
Project("{9A19103F-16F7-4668-BE54-9A1E7A4F7556}") = "2441", "2441\2441\2441.csproj", "{E8466FE9-0BAD-4871-8DA3-3C780E4C9773}"
EndProject
Project("{9A19103F-16F7-4668-BE54-9A1E7A4F7556}") = "2848", "2848\2848\2848.csproj", "{2A107EE4-E485-431C-B121-25671DFA85B1}"
EndProject
Project("{9A19103F-16F7-4668-BE54-9A1E7A4F7556}") = "1550", "1550\1550\1550.csproj", "{FF878CCD-238A-436D-89B8-1AFFB0344672}"
EndProject
Project("{9A19103F-16F7-4668-BE54-9A1E7A4F7556}") = "350", "350\350\350.csproj", "{B2FCD627-0D58-4682-890E-BF563A493AD7}"
EndProject
Project("{9A19103F-16F7-4668-BE54-9A1E7A4F7556}") = "1509", "1509\1509\1509.csproj", "{50348B7C-D4B1-4B43-8DC1-38C187610E8B}"
EndProject
Project("{9A19103F-16F7-4668-BE54-9A1E7A4F7556}") = "349", "349\349\349.csproj", "{C52747F1-7CB6-4E36-980E-C27F939FF48E}"
EndProject
Project("{9A19103F-16F7-4668-BE54-9A1E7A4F7556}") = "3028", "3028\3028\3028.csproj", "{C62234FF-79BE-4D36-8DCC-A46D3143691D}"
EndProject
Project("{9A19103F-16F7-4668-BE54-9A1E7A4F7556}") = "1122", "1122\1122\1122.csproj", "{CC7ADCA3-2CEF-4575-A7E8-C281A9F87D04}"
EndProject
Project("{9A19103F-16F7-4668-BE54-9A1E7A4F7556}") = "118", "118\118\118.csproj", "{592DE01A-F230-4EA4-A112-775FDF16B37C}"
EndProject
Project("{9A19103F-16F7-4668-BE54-9A1E7A4F7556}") = "2917", "2917\2917\2917.csproj", "{8107FD1F-1C5A-4D83-A61D-12DB7100AD28}"
EndProject
Project("{9A19103F-16F7-4668-BE54-9A1E7A4F7556}") = "944", "944\944\944.csproj", "{79E62B06-51AF-4658-A640-C8D19C6FE7A3}"
EndProject
Project("{9A19103F-16F7-4668-BE54-9A1E7A4F7556}") = "1002", "1002\1002\1002.csproj", "{DAE5A522-A19D-4E47-BFF1-E9CDA8C24A9E}"
EndProject
Project("{9A19103F-16F7-4668-BE54-9A1E7A4F7556}") = "2586", "2586\2586\2586.csproj", "{721EA5CA-74FB-487F-8DA3-05E510E8D426}"
EndProject
Project("{9A19103F-16F7-4668-BE54-9A1E7A4F7556}") = "3079", "3079\3079\3079.csproj", "{0451093E-ACCE-4020-BC05-7619376E1BBC}"
EndProject
Project("{9A19103F-16F7-4668-BE54-9A1E7A4F7556}") = "2788", "2788\2788\2788.csproj", "{38D95787-0577-4031-9361-BB5464BD5DFE}"
EndProject
Project("{FAE04EC0-301F-11D3-BF4B-00C04F79EFBC}") = "1710", "1710\1710\1710.csproj", "{FED6EA98-873A-406A-9CAB-DA5B62E7AB65}"
EndProject
Project("{9A19103F-16F7-4668-BE54-9A1E7A4F7556}") = "2570", "2570\2570\2570.csproj", "{22F799E5-7A12-490E-ABBC-0F5BFC56B8E4}"
EndProject
Project("{FAE04EC0-301F-11D3-BF4B-00C04F79EFBC}") = "1337", "1337\1337\1337.csproj", "{7C84CBA2-B306-41B5-8A77-63CE6B2F70FD}"
EndProject
Project("{FAE04EC0-301F-11D3-BF4B-00C04F79EFBC}") = "2206", "2206\2206\2206.csproj", "{D9B75300-6E6C-4F5F-8C32-8A1BB5F7E8FC}"
EndProject
Global
	GlobalSection(SolutionConfigurationPlatforms) = preSolution
		Debug|Any CPU = Debug|Any CPU
		Release|Any CPU = Release|Any CPU
	EndGlobalSection
	GlobalSection(ProjectConfigurationPlatforms) = postSolution
		{FC5EE6E0-7ECA-41C6-B368-189F75157799}.Debug|Any CPU.ActiveCfg = Debug|Any CPU
		{FC5EE6E0-7ECA-41C6-B368-189F75157799}.Debug|Any CPU.Build.0 = Debug|Any CPU
		{FC5EE6E0-7ECA-41C6-B368-189F75157799}.Release|Any CPU.ActiveCfg = Release|Any CPU
		{FC5EE6E0-7ECA-41C6-B368-189F75157799}.Release|Any CPU.Build.0 = Release|Any CPU
		{6557E04A-3AFA-4B54-A975-AD5BD5385FFB}.Debug|Any CPU.ActiveCfg = Debug|Any CPU
		{6557E04A-3AFA-4B54-A975-AD5BD5385FFB}.Debug|Any CPU.Build.0 = Debug|Any CPU
		{6557E04A-3AFA-4B54-A975-AD5BD5385FFB}.Release|Any CPU.ActiveCfg = Release|Any CPU
		{6557E04A-3AFA-4B54-A975-AD5BD5385FFB}.Release|Any CPU.Build.0 = Release|Any CPU
		{551681C2-53B5-4EAB-B82A-FE37C0CB9755}.Debug|Any CPU.ActiveCfg = Debug|Any CPU
		{551681C2-53B5-4EAB-B82A-FE37C0CB9755}.Debug|Any CPU.Build.0 = Debug|Any CPU
		{551681C2-53B5-4EAB-B82A-FE37C0CB9755}.Release|Any CPU.ActiveCfg = Release|Any CPU
		{551681C2-53B5-4EAB-B82A-FE37C0CB9755}.Release|Any CPU.Build.0 = Release|Any CPU
		{6EBAA64E-E1BA-482C-B3DF-8CAE170AAFDE}.Debug|Any CPU.ActiveCfg = Debug|Any CPU
		{6EBAA64E-E1BA-482C-B3DF-8CAE170AAFDE}.Debug|Any CPU.Build.0 = Debug|Any CPU
		{6EBAA64E-E1BA-482C-B3DF-8CAE170AAFDE}.Release|Any CPU.ActiveCfg = Release|Any CPU
		{6EBAA64E-E1BA-482C-B3DF-8CAE170AAFDE}.Release|Any CPU.Build.0 = Release|Any CPU
		{E9D9B954-93B4-475F-94F4-537D090C14FD}.Debug|Any CPU.ActiveCfg = Debug|Any CPU
		{E9D9B954-93B4-475F-94F4-537D090C14FD}.Debug|Any CPU.Build.0 = Debug|Any CPU
		{E9D9B954-93B4-475F-94F4-537D090C14FD}.Release|Any CPU.ActiveCfg = Release|Any CPU
		{E9D9B954-93B4-475F-94F4-537D090C14FD}.Release|Any CPU.Build.0 = Release|Any CPU
		{407064A6-E588-46BA-AFF2-1A525A4B0278}.Debug|Any CPU.ActiveCfg = Debug|Any CPU
		{407064A6-E588-46BA-AFF2-1A525A4B0278}.Debug|Any CPU.Build.0 = Debug|Any CPU
		{407064A6-E588-46BA-AFF2-1A525A4B0278}.Release|Any CPU.ActiveCfg = Release|Any CPU
		{407064A6-E588-46BA-AFF2-1A525A4B0278}.Release|Any CPU.Build.0 = Release|Any CPU
		{5521E7F5-43A8-4483-84E7-984C960BC59A}.Debug|Any CPU.ActiveCfg = Debug|Any CPU
		{5521E7F5-43A8-4483-84E7-984C960BC59A}.Debug|Any CPU.Build.0 = Debug|Any CPU
		{5521E7F5-43A8-4483-84E7-984C960BC59A}.Release|Any CPU.ActiveCfg = Release|Any CPU
		{5521E7F5-43A8-4483-84E7-984C960BC59A}.Release|Any CPU.Build.0 = Release|Any CPU
		{82B0CEB2-2C6B-46DE-B5B4-FCE057BD013C}.Debug|Any CPU.ActiveCfg = Debug|Any CPU
		{82B0CEB2-2C6B-46DE-B5B4-FCE057BD013C}.Debug|Any CPU.Build.0 = Debug|Any CPU
		{82B0CEB2-2C6B-46DE-B5B4-FCE057BD013C}.Release|Any CPU.ActiveCfg = Release|Any CPU
		{82B0CEB2-2C6B-46DE-B5B4-FCE057BD013C}.Release|Any CPU.Build.0 = Release|Any CPU
		{49A86031-1CC9-49F7-AE79-178F8CA02AEC}.Debug|Any CPU.ActiveCfg = Debug|Any CPU
		{49A86031-1CC9-49F7-AE79-178F8CA02AEC}.Debug|Any CPU.Build.0 = Debug|Any CPU
		{49A86031-1CC9-49F7-AE79-178F8CA02AEC}.Release|Any CPU.ActiveCfg = Release|Any CPU
		{49A86031-1CC9-49F7-AE79-178F8CA02AEC}.Release|Any CPU.Build.0 = Release|Any CPU
		{C7903123-9C61-434B-A82A-41034C13B223}.Debug|Any CPU.ActiveCfg = Debug|Any CPU
		{C7903123-9C61-434B-A82A-41034C13B223}.Debug|Any CPU.Build.0 = Debug|Any CPU
		{C7903123-9C61-434B-A82A-41034C13B223}.Release|Any CPU.ActiveCfg = Release|Any CPU
		{C7903123-9C61-434B-A82A-41034C13B223}.Release|Any CPU.Build.0 = Release|Any CPU
		{A9236C48-E54F-4B24-9B20-53F278A56E31}.Debug|Any CPU.ActiveCfg = Debug|Any CPU
		{A9236C48-E54F-4B24-9B20-53F278A56E31}.Debug|Any CPU.Build.0 = Debug|Any CPU
		{A9236C48-E54F-4B24-9B20-53F278A56E31}.Release|Any CPU.ActiveCfg = Release|Any CPU
		{A9236C48-E54F-4B24-9B20-53F278A56E31}.Release|Any CPU.Build.0 = Release|Any CPU
		{4C671F68-301D-46ED-A660-B923559C336E}.Debug|Any CPU.ActiveCfg = Debug|Any CPU
		{4C671F68-301D-46ED-A660-B923559C336E}.Debug|Any CPU.Build.0 = Debug|Any CPU
		{4C671F68-301D-46ED-A660-B923559C336E}.Release|Any CPU.ActiveCfg = Release|Any CPU
		{4C671F68-301D-46ED-A660-B923559C336E}.Release|Any CPU.Build.0 = Release|Any CPU
		{826AEF85-5800-4694-9F24-08857F4B1E9B}.Debug|Any CPU.ActiveCfg = Debug|Any CPU
		{826AEF85-5800-4694-9F24-08857F4B1E9B}.Debug|Any CPU.Build.0 = Debug|Any CPU
		{826AEF85-5800-4694-9F24-08857F4B1E9B}.Release|Any CPU.ActiveCfg = Release|Any CPU
		{826AEF85-5800-4694-9F24-08857F4B1E9B}.Release|Any CPU.Build.0 = Release|Any CPU
		{73CF650B-20E3-4EFA-8364-4DE5594603AE}.Debug|Any CPU.ActiveCfg = Debug|Any CPU
		{73CF650B-20E3-4EFA-8364-4DE5594603AE}.Debug|Any CPU.Build.0 = Debug|Any CPU
		{73CF650B-20E3-4EFA-8364-4DE5594603AE}.Release|Any CPU.ActiveCfg = Release|Any CPU
		{73CF650B-20E3-4EFA-8364-4DE5594603AE}.Release|Any CPU.Build.0 = Release|Any CPU
		{66385219-FA3D-4EE2-8C02-3B8C11911EC3}.Debug|Any CPU.ActiveCfg = Debug|Any CPU
		{66385219-FA3D-4EE2-8C02-3B8C11911EC3}.Debug|Any CPU.Build.0 = Debug|Any CPU
		{66385219-FA3D-4EE2-8C02-3B8C11911EC3}.Release|Any CPU.ActiveCfg = Release|Any CPU
		{66385219-FA3D-4EE2-8C02-3B8C11911EC3}.Release|Any CPU.Build.0 = Release|Any CPU
		{2B70895E-1A23-49D5-91F5-01D1411947A8}.Debug|Any CPU.ActiveCfg = Debug|Any CPU
		{2B70895E-1A23-49D5-91F5-01D1411947A8}.Debug|Any CPU.Build.0 = Debug|Any CPU
		{2B70895E-1A23-49D5-91F5-01D1411947A8}.Release|Any CPU.ActiveCfg = Release|Any CPU
		{2B70895E-1A23-49D5-91F5-01D1411947A8}.Release|Any CPU.Build.0 = Release|Any CPU
		{9CC53981-8C3C-4097-A72D-441D2B18892B}.Debug|Any CPU.ActiveCfg = Debug|Any CPU
		{9CC53981-8C3C-4097-A72D-441D2B18892B}.Debug|Any CPU.Build.0 = Debug|Any CPU
		{9CC53981-8C3C-4097-A72D-441D2B18892B}.Release|Any CPU.ActiveCfg = Release|Any CPU
		{9CC53981-8C3C-4097-A72D-441D2B18892B}.Release|Any CPU.Build.0 = Release|Any CPU
		{77BDCC25-76B9-450B-B81F-3B032E28F606}.Debug|Any CPU.ActiveCfg = Debug|Any CPU
		{77BDCC25-76B9-450B-B81F-3B032E28F606}.Debug|Any CPU.Build.0 = Debug|Any CPU
		{77BDCC25-76B9-450B-B81F-3B032E28F606}.Release|Any CPU.ActiveCfg = Release|Any CPU
		{77BDCC25-76B9-450B-B81F-3B032E28F606}.Release|Any CPU.Build.0 = Release|Any CPU
		{1A1B49F9-1917-42F6-A030-C871EDEDF53D}.Debug|Any CPU.ActiveCfg = Debug|Any CPU
		{1A1B49F9-1917-42F6-A030-C871EDEDF53D}.Debug|Any CPU.Build.0 = Debug|Any CPU
		{1A1B49F9-1917-42F6-A030-C871EDEDF53D}.Release|Any CPU.ActiveCfg = Release|Any CPU
		{1A1B49F9-1917-42F6-A030-C871EDEDF53D}.Release|Any CPU.Build.0 = Release|Any CPU
		{73DA1818-CA90-4CBF-81F7-6C61655EB521}.Debug|Any CPU.ActiveCfg = Debug|Any CPU
		{73DA1818-CA90-4CBF-81F7-6C61655EB521}.Debug|Any CPU.Build.0 = Debug|Any CPU
		{73DA1818-CA90-4CBF-81F7-6C61655EB521}.Release|Any CPU.ActiveCfg = Release|Any CPU
		{73DA1818-CA90-4CBF-81F7-6C61655EB521}.Release|Any CPU.Build.0 = Release|Any CPU
		{57AB8DD2-BDF4-46CD-BAB4-F89AC853F540}.Debug|Any CPU.ActiveCfg = Debug|Any CPU
		{57AB8DD2-BDF4-46CD-BAB4-F89AC853F540}.Debug|Any CPU.Build.0 = Debug|Any CPU
		{57AB8DD2-BDF4-46CD-BAB4-F89AC853F540}.Release|Any CPU.ActiveCfg = Release|Any CPU
		{57AB8DD2-BDF4-46CD-BAB4-F89AC853F540}.Release|Any CPU.Build.0 = Release|Any CPU
		{F8C95026-FA8F-4EBF-8D54-87338227496D}.Debug|Any CPU.ActiveCfg = Debug|Any CPU
		{F8C95026-FA8F-4EBF-8D54-87338227496D}.Debug|Any CPU.Build.0 = Debug|Any CPU
		{F8C95026-FA8F-4EBF-8D54-87338227496D}.Release|Any CPU.ActiveCfg = Release|Any CPU
		{F8C95026-FA8F-4EBF-8D54-87338227496D}.Release|Any CPU.Build.0 = Release|Any CPU
		{F1063AF1-283B-44A5-BE86-B5B301519215}.Debug|Any CPU.ActiveCfg = Debug|Any CPU
		{F1063AF1-283B-44A5-BE86-B5B301519215}.Debug|Any CPU.Build.0 = Debug|Any CPU
		{F1063AF1-283B-44A5-BE86-B5B301519215}.Release|Any CPU.ActiveCfg = Release|Any CPU
		{F1063AF1-283B-44A5-BE86-B5B301519215}.Release|Any CPU.Build.0 = Release|Any CPU
		{5372EE7F-2381-4A98-8534-AF3812624734}.Debug|Any CPU.ActiveCfg = Debug|Any CPU
		{5372EE7F-2381-4A98-8534-AF3812624734}.Debug|Any CPU.Build.0 = Debug|Any CPU
		{5372EE7F-2381-4A98-8534-AF3812624734}.Release|Any CPU.ActiveCfg = Release|Any CPU
		{5372EE7F-2381-4A98-8534-AF3812624734}.Release|Any CPU.Build.0 = Release|Any CPU
		{F649F043-2145-4326-A102-110F70FB8C2D}.Debug|Any CPU.ActiveCfg = Debug|Any CPU
		{F649F043-2145-4326-A102-110F70FB8C2D}.Debug|Any CPU.Build.0 = Debug|Any CPU
		{F649F043-2145-4326-A102-110F70FB8C2D}.Release|Any CPU.ActiveCfg = Release|Any CPU
		{F649F043-2145-4326-A102-110F70FB8C2D}.Release|Any CPU.Build.0 = Release|Any CPU
		{CAD79A96-183F-4F7E-9161-73CBD9D71EC4}.Debug|Any CPU.ActiveCfg = Debug|Any CPU
		{CAD79A96-183F-4F7E-9161-73CBD9D71EC4}.Debug|Any CPU.Build.0 = Debug|Any CPU
		{CAD79A96-183F-4F7E-9161-73CBD9D71EC4}.Release|Any CPU.ActiveCfg = Release|Any CPU
		{CAD79A96-183F-4F7E-9161-73CBD9D71EC4}.Release|Any CPU.Build.0 = Release|Any CPU
		{69D34D67-CC08-4F09-8634-42BD8E4523B4}.Debug|Any CPU.ActiveCfg = Debug|Any CPU
		{69D34D67-CC08-4F09-8634-42BD8E4523B4}.Debug|Any CPU.Build.0 = Debug|Any CPU
		{69D34D67-CC08-4F09-8634-42BD8E4523B4}.Release|Any CPU.ActiveCfg = Release|Any CPU
		{69D34D67-CC08-4F09-8634-42BD8E4523B4}.Release|Any CPU.Build.0 = Release|Any CPU
		{B82ABADC-2D21-4978-9ABD-61449BE5D657}.Debug|Any CPU.ActiveCfg = Debug|Any CPU
		{B82ABADC-2D21-4978-9ABD-61449BE5D657}.Debug|Any CPU.Build.0 = Debug|Any CPU
		{B82ABADC-2D21-4978-9ABD-61449BE5D657}.Release|Any CPU.ActiveCfg = Release|Any CPU
		{B82ABADC-2D21-4978-9ABD-61449BE5D657}.Release|Any CPU.Build.0 = Release|Any CPU
		{B48BADB7-F2E5-491C-94BA-B27C8BC65E12}.Debug|Any CPU.ActiveCfg = Debug|Any CPU
		{B48BADB7-F2E5-491C-94BA-B27C8BC65E12}.Debug|Any CPU.Build.0 = Debug|Any CPU
		{B48BADB7-F2E5-491C-94BA-B27C8BC65E12}.Release|Any CPU.ActiveCfg = Release|Any CPU
		{B48BADB7-F2E5-491C-94BA-B27C8BC65E12}.Release|Any CPU.Build.0 = Release|Any CPU
		{FDA26B29-D3DA-4C61-9DD9-F13FB458F72B}.Debug|Any CPU.ActiveCfg = Debug|Any CPU
		{FDA26B29-D3DA-4C61-9DD9-F13FB458F72B}.Debug|Any CPU.Build.0 = Debug|Any CPU
		{FDA26B29-D3DA-4C61-9DD9-F13FB458F72B}.Release|Any CPU.ActiveCfg = Release|Any CPU
		{FDA26B29-D3DA-4C61-9DD9-F13FB458F72B}.Release|Any CPU.Build.0 = Release|Any CPU
		{1F9FB244-E4EF-4D5B-966C-45D57B2CEB4B}.Debug|Any CPU.ActiveCfg = Debug|Any CPU
		{1F9FB244-E4EF-4D5B-966C-45D57B2CEB4B}.Debug|Any CPU.Build.0 = Debug|Any CPU
		{1F9FB244-E4EF-4D5B-966C-45D57B2CEB4B}.Release|Any CPU.ActiveCfg = Release|Any CPU
		{1F9FB244-E4EF-4D5B-966C-45D57B2CEB4B}.Release|Any CPU.Build.0 = Release|Any CPU
		{DBC792C8-D0EE-46E1-9D0A-ADB019AF6B2D}.Debug|Any CPU.ActiveCfg = Debug|Any CPU
		{DBC792C8-D0EE-46E1-9D0A-ADB019AF6B2D}.Debug|Any CPU.Build.0 = Debug|Any CPU
		{DBC792C8-D0EE-46E1-9D0A-ADB019AF6B2D}.Release|Any CPU.ActiveCfg = Release|Any CPU
		{DBC792C8-D0EE-46E1-9D0A-ADB019AF6B2D}.Release|Any CPU.Build.0 = Release|Any CPU
		{FFDAD37C-B3FF-4F1C-A7FD-F08A2C5E3FD8}.Debug|Any CPU.ActiveCfg = Debug|Any CPU
		{FFDAD37C-B3FF-4F1C-A7FD-F08A2C5E3FD8}.Debug|Any CPU.Build.0 = Debug|Any CPU
		{FFDAD37C-B3FF-4F1C-A7FD-F08A2C5E3FD8}.Release|Any CPU.ActiveCfg = Release|Any CPU
		{FFDAD37C-B3FF-4F1C-A7FD-F08A2C5E3FD8}.Release|Any CPU.Build.0 = Release|Any CPU
		{A8C2B5BA-AC0E-45C2-B448-50F273996887}.Debug|Any CPU.ActiveCfg = Debug|Any CPU
		{A8C2B5BA-AC0E-45C2-B448-50F273996887}.Debug|Any CPU.Build.0 = Debug|Any CPU
		{A8C2B5BA-AC0E-45C2-B448-50F273996887}.Release|Any CPU.ActiveCfg = Release|Any CPU
		{A8C2B5BA-AC0E-45C2-B448-50F273996887}.Release|Any CPU.Build.0 = Release|Any CPU
		{A4E6EDAF-41BB-485B-8581-A4ABCBE5621D}.Debug|Any CPU.ActiveCfg = Debug|Any CPU
		{A4E6EDAF-41BB-485B-8581-A4ABCBE5621D}.Debug|Any CPU.Build.0 = Debug|Any CPU
		{A4E6EDAF-41BB-485B-8581-A4ABCBE5621D}.Release|Any CPU.ActiveCfg = Release|Any CPU
		{A4E6EDAF-41BB-485B-8581-A4ABCBE5621D}.Release|Any CPU.Build.0 = Release|Any CPU
		{80761C95-EA20-4540-A5B3-3AD5B7D82B1A}.Debug|Any CPU.ActiveCfg = Debug|Any CPU
		{80761C95-EA20-4540-A5B3-3AD5B7D82B1A}.Debug|Any CPU.Build.0 = Debug|Any CPU
		{80761C95-EA20-4540-A5B3-3AD5B7D82B1A}.Release|Any CPU.ActiveCfg = Release|Any CPU
		{80761C95-EA20-4540-A5B3-3AD5B7D82B1A}.Release|Any CPU.Build.0 = Release|Any CPU
		{640C9BA3-A684-4BB7-AFF1-ECFF2640160A}.Debug|Any CPU.ActiveCfg = Debug|Any CPU
		{640C9BA3-A684-4BB7-AFF1-ECFF2640160A}.Debug|Any CPU.Build.0 = Debug|Any CPU
		{640C9BA3-A684-4BB7-AFF1-ECFF2640160A}.Release|Any CPU.ActiveCfg = Release|Any CPU
		{640C9BA3-A684-4BB7-AFF1-ECFF2640160A}.Release|Any CPU.Build.0 = Release|Any CPU
		{0BD75059-3755-42FD-9DFA-CAFE2A3055CA}.Debug|Any CPU.ActiveCfg = Debug|Any CPU
		{0BD75059-3755-42FD-9DFA-CAFE2A3055CA}.Debug|Any CPU.Build.0 = Debug|Any CPU
		{0BD75059-3755-42FD-9DFA-CAFE2A3055CA}.Release|Any CPU.ActiveCfg = Release|Any CPU
		{0BD75059-3755-42FD-9DFA-CAFE2A3055CA}.Release|Any CPU.Build.0 = Release|Any CPU
		{D6D4FEEF-FB68-4D2D-B58D-003D9B139A91}.Debug|Any CPU.ActiveCfg = Debug|Any CPU
		{D6D4FEEF-FB68-4D2D-B58D-003D9B139A91}.Debug|Any CPU.Build.0 = Debug|Any CPU
		{D6D4FEEF-FB68-4D2D-B58D-003D9B139A91}.Release|Any CPU.ActiveCfg = Release|Any CPU
		{D6D4FEEF-FB68-4D2D-B58D-003D9B139A91}.Release|Any CPU.Build.0 = Release|Any CPU
		{9CD2CAB9-B992-49EA-A803-2576F7513C47}.Debug|Any CPU.ActiveCfg = Debug|Any CPU
		{9CD2CAB9-B992-49EA-A803-2576F7513C47}.Debug|Any CPU.Build.0 = Debug|Any CPU
		{9CD2CAB9-B992-49EA-A803-2576F7513C47}.Release|Any CPU.ActiveCfg = Release|Any CPU
		{9CD2CAB9-B992-49EA-A803-2576F7513C47}.Release|Any CPU.Build.0 = Release|Any CPU
		{42F14D4C-D9A2-4882-9DC5-D294CB247D06}.Debug|Any CPU.ActiveCfg = Debug|Any CPU
		{42F14D4C-D9A2-4882-9DC5-D294CB247D06}.Debug|Any CPU.Build.0 = Debug|Any CPU
		{42F14D4C-D9A2-4882-9DC5-D294CB247D06}.Release|Any CPU.ActiveCfg = Release|Any CPU
		{42F14D4C-D9A2-4882-9DC5-D294CB247D06}.Release|Any CPU.Build.0 = Release|Any CPU
		{39823EB9-F7C6-4AB3-B5BE-26B3EF210863}.Debug|Any CPU.ActiveCfg = Debug|Any CPU
		{39823EB9-F7C6-4AB3-B5BE-26B3EF210863}.Debug|Any CPU.Build.0 = Debug|Any CPU
		{39823EB9-F7C6-4AB3-B5BE-26B3EF210863}.Release|Any CPU.ActiveCfg = Release|Any CPU
		{39823EB9-F7C6-4AB3-B5BE-26B3EF210863}.Release|Any CPU.Build.0 = Release|Any CPU
		{5C68A4A3-9F1A-423C-AA64-68A4F6F5871D}.Debug|Any CPU.ActiveCfg = Debug|Any CPU
		{5C68A4A3-9F1A-423C-AA64-68A4F6F5871D}.Debug|Any CPU.Build.0 = Debug|Any CPU
		{5C68A4A3-9F1A-423C-AA64-68A4F6F5871D}.Release|Any CPU.ActiveCfg = Release|Any CPU
		{5C68A4A3-9F1A-423C-AA64-68A4F6F5871D}.Release|Any CPU.Build.0 = Release|Any CPU
		{2CC30EEA-B6D2-4B47-8BFE-CCE9F9B723E8}.Debug|Any CPU.ActiveCfg = Debug|Any CPU
		{2CC30EEA-B6D2-4B47-8BFE-CCE9F9B723E8}.Debug|Any CPU.Build.0 = Debug|Any CPU
		{2CC30EEA-B6D2-4B47-8BFE-CCE9F9B723E8}.Release|Any CPU.ActiveCfg = Release|Any CPU
		{2CC30EEA-B6D2-4B47-8BFE-CCE9F9B723E8}.Release|Any CPU.Build.0 = Release|Any CPU
		{E2AD17E1-095E-4D52-956C-7AAEB033CD44}.Debug|Any CPU.ActiveCfg = Debug|Any CPU
		{E2AD17E1-095E-4D52-956C-7AAEB033CD44}.Debug|Any CPU.Build.0 = Debug|Any CPU
		{E2AD17E1-095E-4D52-956C-7AAEB033CD44}.Release|Any CPU.ActiveCfg = Release|Any CPU
		{E2AD17E1-095E-4D52-956C-7AAEB033CD44}.Release|Any CPU.Build.0 = Release|Any CPU
		{AFA1D7E5-5522-4592-9A04-35D57DD80A73}.Debug|Any CPU.ActiveCfg = Debug|Any CPU
		{AFA1D7E5-5522-4592-9A04-35D57DD80A73}.Debug|Any CPU.Build.0 = Debug|Any CPU
		{AFA1D7E5-5522-4592-9A04-35D57DD80A73}.Release|Any CPU.ActiveCfg = Release|Any CPU
		{AFA1D7E5-5522-4592-9A04-35D57DD80A73}.Release|Any CPU.Build.0 = Release|Any CPU
		{DA24FACF-CEDE-48C3-A8BB-51EDF6E05387}.Debug|Any CPU.ActiveCfg = Debug|Any CPU
		{DA24FACF-CEDE-48C3-A8BB-51EDF6E05387}.Debug|Any CPU.Build.0 = Debug|Any CPU
		{DA24FACF-CEDE-48C3-A8BB-51EDF6E05387}.Release|Any CPU.ActiveCfg = Release|Any CPU
		{DA24FACF-CEDE-48C3-A8BB-51EDF6E05387}.Release|Any CPU.Build.0 = Release|Any CPU
		{CE2BC6E6-8AFB-4066-B35C-54D41D216FE5}.Debug|Any CPU.ActiveCfg = Debug|Any CPU
		{CE2BC6E6-8AFB-4066-B35C-54D41D216FE5}.Debug|Any CPU.Build.0 = Debug|Any CPU
		{CE2BC6E6-8AFB-4066-B35C-54D41D216FE5}.Release|Any CPU.ActiveCfg = Release|Any CPU
		{CE2BC6E6-8AFB-4066-B35C-54D41D216FE5}.Release|Any CPU.Build.0 = Release|Any CPU
		{AFBD60D5-A790-4319-8167-3B5CB0C202DE}.Debug|Any CPU.ActiveCfg = Debug|Any CPU
		{AFBD60D5-A790-4319-8167-3B5CB0C202DE}.Debug|Any CPU.Build.0 = Debug|Any CPU
		{AFBD60D5-A790-4319-8167-3B5CB0C202DE}.Release|Any CPU.ActiveCfg = Release|Any CPU
		{AFBD60D5-A790-4319-8167-3B5CB0C202DE}.Release|Any CPU.Build.0 = Release|Any CPU
		{D43E998A-5E83-4537-B363-F91826157EEB}.Debug|Any CPU.ActiveCfg = Debug|Any CPU
		{D43E998A-5E83-4537-B363-F91826157EEB}.Debug|Any CPU.Build.0 = Debug|Any CPU
		{D43E998A-5E83-4537-B363-F91826157EEB}.Release|Any CPU.ActiveCfg = Release|Any CPU
		{D43E998A-5E83-4537-B363-F91826157EEB}.Release|Any CPU.Build.0 = Release|Any CPU
		{D2E034A5-C643-4444-A4D2-A55B920B2975}.Debug|Any CPU.ActiveCfg = Debug|Any CPU
		{D2E034A5-C643-4444-A4D2-A55B920B2975}.Debug|Any CPU.Build.0 = Debug|Any CPU
		{D2E034A5-C643-4444-A4D2-A55B920B2975}.Release|Any CPU.ActiveCfg = Release|Any CPU
		{D2E034A5-C643-4444-A4D2-A55B920B2975}.Release|Any CPU.Build.0 = Release|Any CPU
		{003EB21E-FC1D-4755-9394-6F5140A03E66}.Debug|Any CPU.ActiveCfg = Debug|Any CPU
		{003EB21E-FC1D-4755-9394-6F5140A03E66}.Debug|Any CPU.Build.0 = Debug|Any CPU
		{003EB21E-FC1D-4755-9394-6F5140A03E66}.Release|Any CPU.ActiveCfg = Release|Any CPU
		{003EB21E-FC1D-4755-9394-6F5140A03E66}.Release|Any CPU.Build.0 = Release|Any CPU
		{9D37B97E-96D5-41C0-ACEF-D97BCEDE1220}.Debug|Any CPU.ActiveCfg = Debug|Any CPU
		{9D37B97E-96D5-41C0-ACEF-D97BCEDE1220}.Debug|Any CPU.Build.0 = Debug|Any CPU
		{9D37B97E-96D5-41C0-ACEF-D97BCEDE1220}.Release|Any CPU.ActiveCfg = Release|Any CPU
		{9D37B97E-96D5-41C0-ACEF-D97BCEDE1220}.Release|Any CPU.Build.0 = Release|Any CPU
		{1A4BD5A6-3991-4279-AA0B-96B436741E10}.Debug|Any CPU.ActiveCfg = Debug|Any CPU
		{1A4BD5A6-3991-4279-AA0B-96B436741E10}.Debug|Any CPU.Build.0 = Debug|Any CPU
		{1A4BD5A6-3991-4279-AA0B-96B436741E10}.Release|Any CPU.ActiveCfg = Release|Any CPU
		{1A4BD5A6-3991-4279-AA0B-96B436741E10}.Release|Any CPU.Build.0 = Release|Any CPU
		{20FEF63C-D373-4025-A87F-DB42759F126C}.Debug|Any CPU.ActiveCfg = Debug|Any CPU
		{20FEF63C-D373-4025-A87F-DB42759F126C}.Debug|Any CPU.Build.0 = Debug|Any CPU
		{20FEF63C-D373-4025-A87F-DB42759F126C}.Release|Any CPU.ActiveCfg = Release|Any CPU
		{20FEF63C-D373-4025-A87F-DB42759F126C}.Release|Any CPU.Build.0 = Release|Any CPU
		{C53483B4-37FD-476A-8EA8-D53C4D7122F0}.Debug|Any CPU.ActiveCfg = Debug|Any CPU
		{C53483B4-37FD-476A-8EA8-D53C4D7122F0}.Debug|Any CPU.Build.0 = Debug|Any CPU
		{C53483B4-37FD-476A-8EA8-D53C4D7122F0}.Release|Any CPU.ActiveCfg = Release|Any CPU
		{C53483B4-37FD-476A-8EA8-D53C4D7122F0}.Release|Any CPU.Build.0 = Release|Any CPU
		{118C22C5-1975-48A1-8346-E8327909D6D1}.Debug|Any CPU.ActiveCfg = Debug|Any CPU
		{118C22C5-1975-48A1-8346-E8327909D6D1}.Debug|Any CPU.Build.0 = Debug|Any CPU
		{118C22C5-1975-48A1-8346-E8327909D6D1}.Release|Any CPU.ActiveCfg = Release|Any CPU
		{118C22C5-1975-48A1-8346-E8327909D6D1}.Release|Any CPU.Build.0 = Release|Any CPU
		{4225E1EE-A924-49E3-8062-1AB3350416EC}.Debug|Any CPU.ActiveCfg = Debug|Any CPU
		{4225E1EE-A924-49E3-8062-1AB3350416EC}.Debug|Any CPU.Build.0 = Debug|Any CPU
		{4225E1EE-A924-49E3-8062-1AB3350416EC}.Release|Any CPU.ActiveCfg = Release|Any CPU
		{4225E1EE-A924-49E3-8062-1AB3350416EC}.Release|Any CPU.Build.0 = Release|Any CPU
		{85803DF7-2B1A-4769-8FF2-55AB549DCC81}.Debug|Any CPU.ActiveCfg = Debug|Any CPU
		{85803DF7-2B1A-4769-8FF2-55AB549DCC81}.Debug|Any CPU.Build.0 = Debug|Any CPU
		{85803DF7-2B1A-4769-8FF2-55AB549DCC81}.Release|Any CPU.ActiveCfg = Release|Any CPU
		{85803DF7-2B1A-4769-8FF2-55AB549DCC81}.Release|Any CPU.Build.0 = Release|Any CPU
		{38762783-7F4C-48FD-B1F2-03E6F7E5EA76}.Debug|Any CPU.ActiveCfg = Debug|Any CPU
		{38762783-7F4C-48FD-B1F2-03E6F7E5EA76}.Debug|Any CPU.Build.0 = Debug|Any CPU
		{38762783-7F4C-48FD-B1F2-03E6F7E5EA76}.Release|Any CPU.ActiveCfg = Release|Any CPU
		{38762783-7F4C-48FD-B1F2-03E6F7E5EA76}.Release|Any CPU.Build.0 = Release|Any CPU
		{5F0FE8F5-EB07-4303-ACE7-4FD4DD4B4F74}.Debug|Any CPU.ActiveCfg = Debug|Any CPU
		{5F0FE8F5-EB07-4303-ACE7-4FD4DD4B4F74}.Debug|Any CPU.Build.0 = Debug|Any CPU
		{5F0FE8F5-EB07-4303-ACE7-4FD4DD4B4F74}.Release|Any CPU.ActiveCfg = Release|Any CPU
		{5F0FE8F5-EB07-4303-ACE7-4FD4DD4B4F74}.Release|Any CPU.Build.0 = Release|Any CPU
		{CBB133FD-F214-44AD-B5B8-46F7E5EA5C8D}.Debug|Any CPU.ActiveCfg = Debug|Any CPU
		{CBB133FD-F214-44AD-B5B8-46F7E5EA5C8D}.Debug|Any CPU.Build.0 = Debug|Any CPU
		{CBB133FD-F214-44AD-B5B8-46F7E5EA5C8D}.Release|Any CPU.ActiveCfg = Release|Any CPU
		{CBB133FD-F214-44AD-B5B8-46F7E5EA5C8D}.Release|Any CPU.Build.0 = Release|Any CPU
		{880A10D0-A5F1-4C13-9B42-04F424037B07}.Debug|Any CPU.ActiveCfg = Debug|Any CPU
		{880A10D0-A5F1-4C13-9B42-04F424037B07}.Debug|Any CPU.Build.0 = Debug|Any CPU
		{880A10D0-A5F1-4C13-9B42-04F424037B07}.Release|Any CPU.ActiveCfg = Release|Any CPU
		{880A10D0-A5F1-4C13-9B42-04F424037B07}.Release|Any CPU.Build.0 = Release|Any CPU
		{088EF224-BCB5-4CBE-9692-2AC40BCD28AD}.Debug|Any CPU.ActiveCfg = Debug|Any CPU
		{088EF224-BCB5-4CBE-9692-2AC40BCD28AD}.Debug|Any CPU.Build.0 = Debug|Any CPU
		{088EF224-BCB5-4CBE-9692-2AC40BCD28AD}.Release|Any CPU.ActiveCfg = Release|Any CPU
		{088EF224-BCB5-4CBE-9692-2AC40BCD28AD}.Release|Any CPU.Build.0 = Release|Any CPU
		{1D1A84A6-8747-43F7-BBED-30EADF49F286}.Debug|Any CPU.ActiveCfg = Debug|Any CPU
		{1D1A84A6-8747-43F7-BBED-30EADF49F286}.Debug|Any CPU.Build.0 = Debug|Any CPU
		{1D1A84A6-8747-43F7-BBED-30EADF49F286}.Release|Any CPU.ActiveCfg = Release|Any CPU
		{1D1A84A6-8747-43F7-BBED-30EADF49F286}.Release|Any CPU.Build.0 = Release|Any CPU
		{31CF2372-A3F4-4357-959E-EFCD1572A1F8}.Debug|Any CPU.ActiveCfg = Debug|Any CPU
		{31CF2372-A3F4-4357-959E-EFCD1572A1F8}.Debug|Any CPU.Build.0 = Debug|Any CPU
		{31CF2372-A3F4-4357-959E-EFCD1572A1F8}.Release|Any CPU.ActiveCfg = Release|Any CPU
		{31CF2372-A3F4-4357-959E-EFCD1572A1F8}.Release|Any CPU.Build.0 = Release|Any CPU
		{BEF5696F-21A6-4249-8EA1-2ADAB1772CCC}.Debug|Any CPU.ActiveCfg = Debug|Any CPU
		{BEF5696F-21A6-4249-8EA1-2ADAB1772CCC}.Debug|Any CPU.Build.0 = Debug|Any CPU
		{BEF5696F-21A6-4249-8EA1-2ADAB1772CCC}.Release|Any CPU.ActiveCfg = Release|Any CPU
		{BEF5696F-21A6-4249-8EA1-2ADAB1772CCC}.Release|Any CPU.Build.0 = Release|Any CPU
		{B1FBA382-64AE-4DB9-BDA5-FCAE1778EF8B}.Debug|Any CPU.ActiveCfg = Debug|Any CPU
		{B1FBA382-64AE-4DB9-BDA5-FCAE1778EF8B}.Debug|Any CPU.Build.0 = Debug|Any CPU
		{B1FBA382-64AE-4DB9-BDA5-FCAE1778EF8B}.Release|Any CPU.ActiveCfg = Release|Any CPU
		{B1FBA382-64AE-4DB9-BDA5-FCAE1778EF8B}.Release|Any CPU.Build.0 = Release|Any CPU
		{316E7EA5-C309-4514-99C5-1C9CDE00D859}.Debug|Any CPU.ActiveCfg = Debug|Any CPU
		{316E7EA5-C309-4514-99C5-1C9CDE00D859}.Debug|Any CPU.Build.0 = Debug|Any CPU
		{316E7EA5-C309-4514-99C5-1C9CDE00D859}.Release|Any CPU.ActiveCfg = Release|Any CPU
		{316E7EA5-C309-4514-99C5-1C9CDE00D859}.Release|Any CPU.Build.0 = Release|Any CPU
		{CC7ECAE2-1768-4CD1-9C60-1760A913CC5D}.Debug|Any CPU.ActiveCfg = Debug|Any CPU
		{CC7ECAE2-1768-4CD1-9C60-1760A913CC5D}.Debug|Any CPU.Build.0 = Debug|Any CPU
		{CC7ECAE2-1768-4CD1-9C60-1760A913CC5D}.Release|Any CPU.ActiveCfg = Release|Any CPU
		{CC7ECAE2-1768-4CD1-9C60-1760A913CC5D}.Release|Any CPU.Build.0 = Release|Any CPU
		{68E0B94A-6E17-44E8-856F-55EF913592A2}.Debug|Any CPU.ActiveCfg = Debug|Any CPU
		{68E0B94A-6E17-44E8-856F-55EF913592A2}.Debug|Any CPU.Build.0 = Debug|Any CPU
		{68E0B94A-6E17-44E8-856F-55EF913592A2}.Release|Any CPU.ActiveCfg = Release|Any CPU
		{68E0B94A-6E17-44E8-856F-55EF913592A2}.Release|Any CPU.Build.0 = Release|Any CPU
		{67486085-B345-4E73-8E4B-FD1CCA54D8E2}.Debug|Any CPU.ActiveCfg = Debug|Any CPU
		{67486085-B345-4E73-8E4B-FD1CCA54D8E2}.Debug|Any CPU.Build.0 = Debug|Any CPU
		{67486085-B345-4E73-8E4B-FD1CCA54D8E2}.Release|Any CPU.ActiveCfg = Release|Any CPU
		{67486085-B345-4E73-8E4B-FD1CCA54D8E2}.Release|Any CPU.Build.0 = Release|Any CPU
		{1D8A1256-04E9-4090-843E-961EA1D13EFF}.Debug|Any CPU.ActiveCfg = Debug|Any CPU
		{1D8A1256-04E9-4090-843E-961EA1D13EFF}.Debug|Any CPU.Build.0 = Debug|Any CPU
		{1D8A1256-04E9-4090-843E-961EA1D13EFF}.Release|Any CPU.ActiveCfg = Release|Any CPU
		{1D8A1256-04E9-4090-843E-961EA1D13EFF}.Release|Any CPU.Build.0 = Release|Any CPU
		{A3F180F9-8715-4552-9D25-BF162667FD2C}.Debug|Any CPU.ActiveCfg = Debug|Any CPU
		{A3F180F9-8715-4552-9D25-BF162667FD2C}.Debug|Any CPU.Build.0 = Debug|Any CPU
		{A3F180F9-8715-4552-9D25-BF162667FD2C}.Release|Any CPU.ActiveCfg = Release|Any CPU
		{A3F180F9-8715-4552-9D25-BF162667FD2C}.Release|Any CPU.Build.0 = Release|Any CPU
		{A666B965-9CF1-463C-A802-C770F4312A7E}.Debug|Any CPU.ActiveCfg = Debug|Any CPU
		{A666B965-9CF1-463C-A802-C770F4312A7E}.Debug|Any CPU.Build.0 = Debug|Any CPU
		{A666B965-9CF1-463C-A802-C770F4312A7E}.Release|Any CPU.ActiveCfg = Release|Any CPU
		{A666B965-9CF1-463C-A802-C770F4312A7E}.Release|Any CPU.Build.0 = Release|Any CPU
		{95C70420-32BF-4F95-9E62-91393C554223}.Debug|Any CPU.ActiveCfg = Debug|Any CPU
		{95C70420-32BF-4F95-9E62-91393C554223}.Debug|Any CPU.Build.0 = Debug|Any CPU
		{95C70420-32BF-4F95-9E62-91393C554223}.Release|Any CPU.ActiveCfg = Release|Any CPU
		{95C70420-32BF-4F95-9E62-91393C554223}.Release|Any CPU.Build.0 = Release|Any CPU
		{C53A2D5F-C256-4BD0-9270-D039B3B64F36}.Debug|Any CPU.ActiveCfg = Debug|Any CPU
		{C53A2D5F-C256-4BD0-9270-D039B3B64F36}.Debug|Any CPU.Build.0 = Debug|Any CPU
		{C53A2D5F-C256-4BD0-9270-D039B3B64F36}.Release|Any CPU.ActiveCfg = Release|Any CPU
		{C53A2D5F-C256-4BD0-9270-D039B3B64F36}.Release|Any CPU.Build.0 = Release|Any CPU
		{9E8812F7-183E-4255-9B7E-307F404E7ACB}.Debug|Any CPU.ActiveCfg = Debug|Any CPU
		{9E8812F7-183E-4255-9B7E-307F404E7ACB}.Debug|Any CPU.Build.0 = Debug|Any CPU
		{9E8812F7-183E-4255-9B7E-307F404E7ACB}.Release|Any CPU.ActiveCfg = Release|Any CPU
		{9E8812F7-183E-4255-9B7E-307F404E7ACB}.Release|Any CPU.Build.0 = Release|Any CPU
		{2057CB99-E64F-4C6E-A8EB-DCBD3BA57934}.Debug|Any CPU.ActiveCfg = Debug|Any CPU
		{2057CB99-E64F-4C6E-A8EB-DCBD3BA57934}.Debug|Any CPU.Build.0 = Debug|Any CPU
		{2057CB99-E64F-4C6E-A8EB-DCBD3BA57934}.Release|Any CPU.ActiveCfg = Release|Any CPU
		{2057CB99-E64F-4C6E-A8EB-DCBD3BA57934}.Release|Any CPU.Build.0 = Release|Any CPU
		{C607FD08-1953-43CB-AFA7-1087F4FBB3C8}.Debug|Any CPU.ActiveCfg = Debug|Any CPU
		{C607FD08-1953-43CB-AFA7-1087F4FBB3C8}.Debug|Any CPU.Build.0 = Debug|Any CPU
		{C607FD08-1953-43CB-AFA7-1087F4FBB3C8}.Release|Any CPU.ActiveCfg = Release|Any CPU
		{C607FD08-1953-43CB-AFA7-1087F4FBB3C8}.Release|Any CPU.Build.0 = Release|Any CPU
		{776160D2-20DD-4E4C-BFBD-1A3BDFA828CE}.Debug|Any CPU.ActiveCfg = Debug|Any CPU
		{776160D2-20DD-4E4C-BFBD-1A3BDFA828CE}.Debug|Any CPU.Build.0 = Debug|Any CPU
		{776160D2-20DD-4E4C-BFBD-1A3BDFA828CE}.Release|Any CPU.ActiveCfg = Release|Any CPU
		{776160D2-20DD-4E4C-BFBD-1A3BDFA828CE}.Release|Any CPU.Build.0 = Release|Any CPU
		{F4CDD252-4CB6-45F9-95D1-264E909A4DC3}.Debug|Any CPU.ActiveCfg = Debug|Any CPU
		{F4CDD252-4CB6-45F9-95D1-264E909A4DC3}.Debug|Any CPU.Build.0 = Debug|Any CPU
		{F4CDD252-4CB6-45F9-95D1-264E909A4DC3}.Release|Any CPU.ActiveCfg = Release|Any CPU
		{F4CDD252-4CB6-45F9-95D1-264E909A4DC3}.Release|Any CPU.Build.0 = Release|Any CPU
		{B887D1AD-D4AC-4791-A1B6-7693A1037C26}.Debug|Any CPU.ActiveCfg = Debug|Any CPU
		{B887D1AD-D4AC-4791-A1B6-7693A1037C26}.Debug|Any CPU.Build.0 = Debug|Any CPU
		{B887D1AD-D4AC-4791-A1B6-7693A1037C26}.Release|Any CPU.ActiveCfg = Release|Any CPU
		{B887D1AD-D4AC-4791-A1B6-7693A1037C26}.Release|Any CPU.Build.0 = Release|Any CPU
		{289CCE89-B99F-474E-98BA-FED68C2C76F0}.Debug|Any CPU.ActiveCfg = Debug|Any CPU
		{289CCE89-B99F-474E-98BA-FED68C2C76F0}.Debug|Any CPU.Build.0 = Debug|Any CPU
		{289CCE89-B99F-474E-98BA-FED68C2C76F0}.Release|Any CPU.ActiveCfg = Release|Any CPU
		{289CCE89-B99F-474E-98BA-FED68C2C76F0}.Release|Any CPU.Build.0 = Release|Any CPU
		{468512F8-17FA-47CE-A6F7-1159017C0A76}.Debug|Any CPU.ActiveCfg = Debug|Any CPU
		{468512F8-17FA-47CE-A6F7-1159017C0A76}.Debug|Any CPU.Build.0 = Debug|Any CPU
		{468512F8-17FA-47CE-A6F7-1159017C0A76}.Release|Any CPU.ActiveCfg = Release|Any CPU
		{468512F8-17FA-47CE-A6F7-1159017C0A76}.Release|Any CPU.Build.0 = Release|Any CPU
		{EF071191-FFA4-47A9-B37C-281EF6E7E03A}.Debug|Any CPU.ActiveCfg = Debug|Any CPU
		{EF071191-FFA4-47A9-B37C-281EF6E7E03A}.Debug|Any CPU.Build.0 = Debug|Any CPU
		{EF071191-FFA4-47A9-B37C-281EF6E7E03A}.Release|Any CPU.ActiveCfg = Release|Any CPU
		{EF071191-FFA4-47A9-B37C-281EF6E7E03A}.Release|Any CPU.Build.0 = Release|Any CPU
		{48D599B6-1143-4A5A-9641-8C674858AD64}.Debug|Any CPU.ActiveCfg = Debug|Any CPU
		{48D599B6-1143-4A5A-9641-8C674858AD64}.Debug|Any CPU.Build.0 = Debug|Any CPU
		{48D599B6-1143-4A5A-9641-8C674858AD64}.Release|Any CPU.ActiveCfg = Release|Any CPU
		{48D599B6-1143-4A5A-9641-8C674858AD64}.Release|Any CPU.Build.0 = Release|Any CPU
		{25A3B166-9E5E-43C4-8698-C27FCD264225}.Debug|Any CPU.ActiveCfg = Debug|Any CPU
		{25A3B166-9E5E-43C4-8698-C27FCD264225}.Debug|Any CPU.Build.0 = Debug|Any CPU
		{25A3B166-9E5E-43C4-8698-C27FCD264225}.Release|Any CPU.ActiveCfg = Release|Any CPU
		{25A3B166-9E5E-43C4-8698-C27FCD264225}.Release|Any CPU.Build.0 = Release|Any CPU
		{386AAFBF-CE70-4A1C-A485-03BD863D84B4}.Debug|Any CPU.ActiveCfg = Debug|Any CPU
		{386AAFBF-CE70-4A1C-A485-03BD863D84B4}.Debug|Any CPU.Build.0 = Debug|Any CPU
		{386AAFBF-CE70-4A1C-A485-03BD863D84B4}.Release|Any CPU.ActiveCfg = Release|Any CPU
		{386AAFBF-CE70-4A1C-A485-03BD863D84B4}.Release|Any CPU.Build.0 = Release|Any CPU
		{6316EB52-553C-4E2C-BF98-524C173EF816}.Debug|Any CPU.ActiveCfg = Debug|Any CPU
		{6316EB52-553C-4E2C-BF98-524C173EF816}.Debug|Any CPU.Build.0 = Debug|Any CPU
		{6316EB52-553C-4E2C-BF98-524C173EF816}.Release|Any CPU.ActiveCfg = Release|Any CPU
		{6316EB52-553C-4E2C-BF98-524C173EF816}.Release|Any CPU.Build.0 = Release|Any CPU
		{62F60E24-785F-437E-80C1-0927EAE66A5A}.Debug|Any CPU.ActiveCfg = Debug|Any CPU
		{62F60E24-785F-437E-80C1-0927EAE66A5A}.Debug|Any CPU.Build.0 = Debug|Any CPU
		{62F60E24-785F-437E-80C1-0927EAE66A5A}.Release|Any CPU.ActiveCfg = Release|Any CPU
		{62F60E24-785F-437E-80C1-0927EAE66A5A}.Release|Any CPU.Build.0 = Release|Any CPU
		{B2D6608F-4E6C-4915-8478-20911B491C7F}.Debug|Any CPU.ActiveCfg = Debug|Any CPU
		{B2D6608F-4E6C-4915-8478-20911B491C7F}.Debug|Any CPU.Build.0 = Debug|Any CPU
		{B2D6608F-4E6C-4915-8478-20911B491C7F}.Release|Any CPU.ActiveCfg = Release|Any CPU
		{B2D6608F-4E6C-4915-8478-20911B491C7F}.Release|Any CPU.Build.0 = Release|Any CPU
		{4F62FC15-DEB5-427C-B4E4-FB117E1F8BA7}.Debug|Any CPU.ActiveCfg = Debug|Any CPU
		{4F62FC15-DEB5-427C-B4E4-FB117E1F8BA7}.Debug|Any CPU.Build.0 = Debug|Any CPU
		{4F62FC15-DEB5-427C-B4E4-FB117E1F8BA7}.Release|Any CPU.ActiveCfg = Release|Any CPU
		{4F62FC15-DEB5-427C-B4E4-FB117E1F8BA7}.Release|Any CPU.Build.0 = Release|Any CPU
		{2CB7EAD8-3124-4A39-A1CD-5A7A65C456D3}.Debug|Any CPU.ActiveCfg = Debug|Any CPU
		{2CB7EAD8-3124-4A39-A1CD-5A7A65C456D3}.Debug|Any CPU.Build.0 = Debug|Any CPU
		{2CB7EAD8-3124-4A39-A1CD-5A7A65C456D3}.Release|Any CPU.ActiveCfg = Release|Any CPU
		{2CB7EAD8-3124-4A39-A1CD-5A7A65C456D3}.Release|Any CPU.Build.0 = Release|Any CPU
		{2EBB9245-0ADC-4024-82DE-BDE1F9EECDAF}.Debug|Any CPU.ActiveCfg = Debug|Any CPU
		{2EBB9245-0ADC-4024-82DE-BDE1F9EECDAF}.Debug|Any CPU.Build.0 = Debug|Any CPU
		{2EBB9245-0ADC-4024-82DE-BDE1F9EECDAF}.Release|Any CPU.ActiveCfg = Release|Any CPU
		{2EBB9245-0ADC-4024-82DE-BDE1F9EECDAF}.Release|Any CPU.Build.0 = Release|Any CPU
		{54FD4769-DF08-425C-BECA-8BC78332F07B}.Debug|Any CPU.ActiveCfg = Debug|Any CPU
		{54FD4769-DF08-425C-BECA-8BC78332F07B}.Debug|Any CPU.Build.0 = Debug|Any CPU
		{54FD4769-DF08-425C-BECA-8BC78332F07B}.Release|Any CPU.ActiveCfg = Release|Any CPU
		{54FD4769-DF08-425C-BECA-8BC78332F07B}.Release|Any CPU.Build.0 = Release|Any CPU
		{23D5A97F-1C3B-4335-9271-EFB1D5C6A5D9}.Debug|Any CPU.ActiveCfg = Debug|Any CPU
		{23D5A97F-1C3B-4335-9271-EFB1D5C6A5D9}.Debug|Any CPU.Build.0 = Debug|Any CPU
		{23D5A97F-1C3B-4335-9271-EFB1D5C6A5D9}.Release|Any CPU.ActiveCfg = Release|Any CPU
		{23D5A97F-1C3B-4335-9271-EFB1D5C6A5D9}.Release|Any CPU.Build.0 = Release|Any CPU
		{E0E930E6-EE8B-402D-AABD-2CCAAD943440}.Debug|Any CPU.ActiveCfg = Debug|Any CPU
		{E0E930E6-EE8B-402D-AABD-2CCAAD943440}.Debug|Any CPU.Build.0 = Debug|Any CPU
		{E0E930E6-EE8B-402D-AABD-2CCAAD943440}.Release|Any CPU.ActiveCfg = Release|Any CPU
		{E0E930E6-EE8B-402D-AABD-2CCAAD943440}.Release|Any CPU.Build.0 = Release|Any CPU
		{E8466FE9-0BAD-4871-8DA3-3C780E4C9773}.Debug|Any CPU.ActiveCfg = Debug|Any CPU
		{E8466FE9-0BAD-4871-8DA3-3C780E4C9773}.Debug|Any CPU.Build.0 = Debug|Any CPU
		{E8466FE9-0BAD-4871-8DA3-3C780E4C9773}.Release|Any CPU.ActiveCfg = Release|Any CPU
		{E8466FE9-0BAD-4871-8DA3-3C780E4C9773}.Release|Any CPU.Build.0 = Release|Any CPU
		{2A107EE4-E485-431C-B121-25671DFA85B1}.Debug|Any CPU.ActiveCfg = Debug|Any CPU
		{2A107EE4-E485-431C-B121-25671DFA85B1}.Debug|Any CPU.Build.0 = Debug|Any CPU
		{2A107EE4-E485-431C-B121-25671DFA85B1}.Release|Any CPU.ActiveCfg = Release|Any CPU
		{2A107EE4-E485-431C-B121-25671DFA85B1}.Release|Any CPU.Build.0 = Release|Any CPU
		{FF878CCD-238A-436D-89B8-1AFFB0344672}.Debug|Any CPU.ActiveCfg = Debug|Any CPU
		{FF878CCD-238A-436D-89B8-1AFFB0344672}.Debug|Any CPU.Build.0 = Debug|Any CPU
		{FF878CCD-238A-436D-89B8-1AFFB0344672}.Release|Any CPU.ActiveCfg = Release|Any CPU
		{FF878CCD-238A-436D-89B8-1AFFB0344672}.Release|Any CPU.Build.0 = Release|Any CPU
		{B2FCD627-0D58-4682-890E-BF563A493AD7}.Debug|Any CPU.ActiveCfg = Debug|Any CPU
		{B2FCD627-0D58-4682-890E-BF563A493AD7}.Debug|Any CPU.Build.0 = Debug|Any CPU
		{B2FCD627-0D58-4682-890E-BF563A493AD7}.Release|Any CPU.ActiveCfg = Release|Any CPU
		{B2FCD627-0D58-4682-890E-BF563A493AD7}.Release|Any CPU.Build.0 = Release|Any CPU
		{50348B7C-D4B1-4B43-8DC1-38C187610E8B}.Debug|Any CPU.ActiveCfg = Debug|Any CPU
		{50348B7C-D4B1-4B43-8DC1-38C187610E8B}.Debug|Any CPU.Build.0 = Debug|Any CPU
		{50348B7C-D4B1-4B43-8DC1-38C187610E8B}.Release|Any CPU.ActiveCfg = Release|Any CPU
		{50348B7C-D4B1-4B43-8DC1-38C187610E8B}.Release|Any CPU.Build.0 = Release|Any CPU
		{C52747F1-7CB6-4E36-980E-C27F939FF48E}.Debug|Any CPU.ActiveCfg = Debug|Any CPU
		{C52747F1-7CB6-4E36-980E-C27F939FF48E}.Debug|Any CPU.Build.0 = Debug|Any CPU
		{C52747F1-7CB6-4E36-980E-C27F939FF48E}.Release|Any CPU.ActiveCfg = Release|Any CPU
		{C52747F1-7CB6-4E36-980E-C27F939FF48E}.Release|Any CPU.Build.0 = Release|Any CPU
		{C62234FF-79BE-4D36-8DCC-A46D3143691D}.Debug|Any CPU.ActiveCfg = Debug|Any CPU
		{C62234FF-79BE-4D36-8DCC-A46D3143691D}.Debug|Any CPU.Build.0 = Debug|Any CPU
		{C62234FF-79BE-4D36-8DCC-A46D3143691D}.Release|Any CPU.ActiveCfg = Release|Any CPU
		{C62234FF-79BE-4D36-8DCC-A46D3143691D}.Release|Any CPU.Build.0 = Release|Any CPU
		{CC7ADCA3-2CEF-4575-A7E8-C281A9F87D04}.Debug|Any CPU.ActiveCfg = Debug|Any CPU
		{CC7ADCA3-2CEF-4575-A7E8-C281A9F87D04}.Debug|Any CPU.Build.0 = Debug|Any CPU
		{CC7ADCA3-2CEF-4575-A7E8-C281A9F87D04}.Release|Any CPU.ActiveCfg = Release|Any CPU
		{CC7ADCA3-2CEF-4575-A7E8-C281A9F87D04}.Release|Any CPU.Build.0 = Release|Any CPU
		{592DE01A-F230-4EA4-A112-775FDF16B37C}.Debug|Any CPU.ActiveCfg = Debug|Any CPU
		{592DE01A-F230-4EA4-A112-775FDF16B37C}.Debug|Any CPU.Build.0 = Debug|Any CPU
		{592DE01A-F230-4EA4-A112-775FDF16B37C}.Release|Any CPU.ActiveCfg = Release|Any CPU
		{592DE01A-F230-4EA4-A112-775FDF16B37C}.Release|Any CPU.Build.0 = Release|Any CPU
		{8107FD1F-1C5A-4D83-A61D-12DB7100AD28}.Debug|Any CPU.ActiveCfg = Debug|Any CPU
		{8107FD1F-1C5A-4D83-A61D-12DB7100AD28}.Debug|Any CPU.Build.0 = Debug|Any CPU
		{8107FD1F-1C5A-4D83-A61D-12DB7100AD28}.Release|Any CPU.ActiveCfg = Release|Any CPU
		{8107FD1F-1C5A-4D83-A61D-12DB7100AD28}.Release|Any CPU.Build.0 = Release|Any CPU
		{79E62B06-51AF-4658-A640-C8D19C6FE7A3}.Debug|Any CPU.ActiveCfg = Debug|Any CPU
		{79E62B06-51AF-4658-A640-C8D19C6FE7A3}.Debug|Any CPU.Build.0 = Debug|Any CPU
		{79E62B06-51AF-4658-A640-C8D19C6FE7A3}.Release|Any CPU.ActiveCfg = Release|Any CPU
		{79E62B06-51AF-4658-A640-C8D19C6FE7A3}.Release|Any CPU.Build.0 = Release|Any CPU
		{DAE5A522-A19D-4E47-BFF1-E9CDA8C24A9E}.Debug|Any CPU.ActiveCfg = Debug|Any CPU
		{DAE5A522-A19D-4E47-BFF1-E9CDA8C24A9E}.Debug|Any CPU.Build.0 = Debug|Any CPU
		{DAE5A522-A19D-4E47-BFF1-E9CDA8C24A9E}.Release|Any CPU.ActiveCfg = Release|Any CPU
		{DAE5A522-A19D-4E47-BFF1-E9CDA8C24A9E}.Release|Any CPU.Build.0 = Release|Any CPU
		{721EA5CA-74FB-487F-8DA3-05E510E8D426}.Debug|Any CPU.ActiveCfg = Debug|Any CPU
		{721EA5CA-74FB-487F-8DA3-05E510E8D426}.Debug|Any CPU.Build.0 = Debug|Any CPU
		{721EA5CA-74FB-487F-8DA3-05E510E8D426}.Release|Any CPU.ActiveCfg = Release|Any CPU
		{721EA5CA-74FB-487F-8DA3-05E510E8D426}.Release|Any CPU.Build.0 = Release|Any CPU
		{0451093E-ACCE-4020-BC05-7619376E1BBC}.Debug|Any CPU.ActiveCfg = Debug|Any CPU
		{0451093E-ACCE-4020-BC05-7619376E1BBC}.Debug|Any CPU.Build.0 = Debug|Any CPU
		{0451093E-ACCE-4020-BC05-7619376E1BBC}.Release|Any CPU.ActiveCfg = Release|Any CPU
		{0451093E-ACCE-4020-BC05-7619376E1BBC}.Release|Any CPU.Build.0 = Release|Any CPU
		{38D95787-0577-4031-9361-BB5464BD5DFE}.Debug|Any CPU.ActiveCfg = Debug|Any CPU
		{38D95787-0577-4031-9361-BB5464BD5DFE}.Debug|Any CPU.Build.0 = Debug|Any CPU
		{38D95787-0577-4031-9361-BB5464BD5DFE}.Release|Any CPU.ActiveCfg = Release|Any CPU
		{38D95787-0577-4031-9361-BB5464BD5DFE}.Release|Any CPU.Build.0 = Release|Any CPU
		{FED6EA98-873A-406A-9CAB-DA5B62E7AB65}.Debug|Any CPU.ActiveCfg = Debug|Any CPU
		{FED6EA98-873A-406A-9CAB-DA5B62E7AB65}.Debug|Any CPU.Build.0 = Debug|Any CPU
		{FED6EA98-873A-406A-9CAB-DA5B62E7AB65}.Release|Any CPU.ActiveCfg = Release|Any CPU
		{FED6EA98-873A-406A-9CAB-DA5B62E7AB65}.Release|Any CPU.Build.0 = Release|Any CPU
		{22F799E5-7A12-490E-ABBC-0F5BFC56B8E4}.Debug|Any CPU.ActiveCfg = Debug|Any CPU
		{22F799E5-7A12-490E-ABBC-0F5BFC56B8E4}.Debug|Any CPU.Build.0 = Debug|Any CPU
		{22F799E5-7A12-490E-ABBC-0F5BFC56B8E4}.Release|Any CPU.ActiveCfg = Release|Any CPU
		{22F799E5-7A12-490E-ABBC-0F5BFC56B8E4}.Release|Any CPU.Build.0 = Release|Any CPU
		{7C84CBA2-B306-41B5-8A77-63CE6B2F70FD}.Debug|Any CPU.ActiveCfg = Debug|Any CPU
		{7C84CBA2-B306-41B5-8A77-63CE6B2F70FD}.Debug|Any CPU.Build.0 = Debug|Any CPU
		{7C84CBA2-B306-41B5-8A77-63CE6B2F70FD}.Release|Any CPU.ActiveCfg = Release|Any CPU
		{7C84CBA2-B306-41B5-8A77-63CE6B2F70FD}.Release|Any CPU.Build.0 = Release|Any CPU
		{D9B75300-6E6C-4F5F-8C32-8A1BB5F7E8FC}.Debug|Any CPU.ActiveCfg = Debug|Any CPU
		{D9B75300-6E6C-4F5F-8C32-8A1BB5F7E8FC}.Debug|Any CPU.Build.0 = Debug|Any CPU
		{D9B75300-6E6C-4F5F-8C32-8A1BB5F7E8FC}.Release|Any CPU.ActiveCfg = Release|Any CPU
		{D9B75300-6E6C-4F5F-8C32-8A1BB5F7E8FC}.Release|Any CPU.Build.0 = Release|Any CPU
	EndGlobalSection
	GlobalSection(SolutionProperties) = preSolution
		HideSolutionNode = FALSE
	EndGlobalSection
	GlobalSection(ExtensibilityGlobals) = postSolution
		SolutionGuid = {4AE7D4E6-882A-4D2A-BE2A-7D5CA1D8A02D}
	EndGlobalSection
EndGlobal
