
Microsoft Visual Studio Solution File, Format Version 12.00
# Visual Studio Version 17
VisualStudioVersion = 17.9.34616.47
MinimumVisualStudioVersion = 10.0.40219.1
Project("{9A19103F-16F7-4668-BE54-9A1E7A4F7556}") = "sortArrayBySecondElement", "sortArrayBySecondElement\sortArrayBySecondElement.csproj", "{FC5EE6E0-7ECA-41C6-B368-189F75157799}"
EndProject
Project("{9A19103F-16F7-4668-BE54-9A1E7A4F7556}") = "ConcatenationArray1929", "ConcatenationArray1929\ConcatenationArray1929.csproj", "{6557E04A-3AFA-4B54-A975-AD5BD5385FFB}"
EndProject
Project("{9A19103F-16F7-4668-BE54-9A1E7A4F7556}") = "BuildArrayFromPermutation1920", "BuildArrayFromPermutation\BuildArrayFromPermutation1920.csproj", "{551681C2-53B5-4EAB-B82A-FE37C0CB9755}"
EndProject
Project("{9A19103F-16F7-4668-BE54-9A1E7A4F7556}") = "NumberOfGoodPairs1512", "NumberOfGoodPairs1512\NumberOfGoodPairs1512.csproj", "{6EBAA64E-E1BA-482C-B3DF-8CAE170AAFDE}"
EndProject
Project("{9A19103F-16F7-4668-BE54-9A1E7A4F7556}") = "FinalValueOfVariableAfterPerformingOperations2011", "FinalValueOfVariableAfterPerformingOperations2011\FinalValueOfVariableAfterPerformingOperations2011.csproj", "{E9D9B954-93B4-475F-94F4-537D090C14FD}"
EndProject
Project("{9A19103F-16F7-4668-BE54-9A1E7A4F7556}") = "ShuffleTheArray1470", "ShuffleTheArray1470\ShuffleTheArray1470.csproj", "{407064A6-E588-46BA-AFF2-1A525A4B0278}"
EndProject
Project("{9A19103F-16F7-4668-BE54-9A1E7A4F7556}") = "FindWordsContainingCharacter2942", "FindWordsContainingCharacter2942\FindWordsContainingCharacter2942.csproj", "{5521E7F5-43A8-4483-84E7-984C960BC59A}"
EndProject
Project("{9A19103F-16F7-4668-BE54-9A1E7A4F7556}") = "WidestVerticalAreaBetweenTwoPointsContainigNoPoints1637", "WidestVerticalAreaBetweenTwoPointsContainigNoPoints1637\WidestVerticalAreaBetweenTwoPointsContainigNoPoints1637.csproj", "{82B0CEB2-2C6B-46DE-B5B4-FCE057BD013C}"
EndProject
Project("{9A19103F-16F7-4668-BE54-9A1E7A4F7556}") = "RichestCustomerWealth1672", "RichestCustomerWealth1672\RichestCustomerWealth1672.csproj", "{49A86031-1CC9-49F7-AE79-178F8CA02AEC}"
EndProject
Project("{9A19103F-16F7-4668-BE54-9A1E7A4F7556}") = "NumberOfEmployessWhoMetTheTarget2798", "NumberOfEmployessWhoMetTheTarget2798\NumberOfEmployessWhoMetTheTarget2798.csproj", "{C7903123-9C61-434B-A82A-41034C13B223}"
EndProject
Project("{9A19103F-16F7-4668-BE54-9A1E7A4F7556}") = "PrimeInDiagonal2614", "PrimeInDiagonal2614\PrimeInDiagonal2614.csproj", "{A9236C48-E54F-4B24-9B20-53F278A56E31}"
EndProject
Project("{9A19103F-16F7-4668-BE54-9A1E7A4F7556}") = "KidsWithTheGreatestNumberOfCandies1431", "KidsWithTheGreatestNumberOfCandies1431\KidsWithTheGreatestNumberOfCandies1431.csproj", "{4C671F68-301D-46ED-A660-B923559C336E}"
EndProject
Project("{9A19103F-16F7-4668-BE54-9A1E7A4F7556}") = "DetectPatternOfLenghtMRepeatedKorMoreTimes1566", "DetectPatternOfLenghtMRepeatedKorMoreTimes1566\DetectPatternOfLenghtMRepeatedKorMoreTimes1566.csproj", "{826AEF85-5800-4694-9F24-08857F4B1E9B}"
EndProject
Project("{9A19103F-16F7-4668-BE54-9A1E7A4F7556}") = "CountPairsWhoseSumİsLessThanTarger2824", "CountPairsWhoseSumİsLessThanTarger2824\CountPairsWhoseSumİsLessThanTarger2824.csproj", "{73CF650B-20E3-4EFA-8364-4DE5594603AE}"
EndProject
Project("{9A19103F-16F7-4668-BE54-9A1E7A4F7556}") = "MaximumSumWithExactlyKElements2656", "MaximumSumWithExactlyKElements2656\MaximumSumWithExactlyKElements2656.csproj", "{66385219-FA3D-4EE2-8C02-3B8C11911EC3}"
EndProject
Project("{9A19103F-16F7-4668-BE54-9A1E7A4F7556}") = "CheckİfArrayIsGood2784", "CheckİfArrayIsGood2784\CheckİfArrayIsGood2784.csproj", "{2B70895E-1A23-49D5-91F5-01D1411947A8}"
EndProject
Project("{9A19103F-16F7-4668-BE54-9A1E7A4F7556}") = "MaxPairSumInAnArray2815", "MazPairSumInAnArray2815\MaxPairSumInAnArray2815.csproj", "{9CC53981-8C3C-4097-A72D-441D2B18892B}"
EndProject
Project("{9A19103F-16F7-4668-BE54-9A1E7A4F7556}") = "RunningSumOf1dArray1480", "RunningSumOf1dArray\RunningSumOf1dArray1480.csproj", "{77BDCC25-76B9-450B-B81F-3B032E28F606}"
EndProject
Project("{9A19103F-16F7-4668-BE54-9A1E7A4F7556}") = "HowManyNumbersAreSmallerThanTheCurrentNumber1365", "HowManyNumbersAreSmallerThanTheCurrentNumber\HowManyNumbersAreSmallerThanTheCurrentNumber1365.csproj", "{1A1B49F9-1917-42F6-A030-C871EDEDF53D}"
EndProject
Project("{9A19103F-16F7-4668-BE54-9A1E7A4F7556}") = "MaximumNumberOfWordsFoundInSentences2114", "MaximumNumberOfWordsFoundInSentences2114\MaximumNumberOfWordsFoundInSentences2114.csproj", "{73DA1818-CA90-4CBF-81F7-6C61655EB521}"
EndProject
Project("{9A19103F-16F7-4668-BE54-9A1E7A4F7556}") = "NumberOfValidWordsInASentence2047", "NumberOfValidWordsInASentence2047\NumberOfValidWordsInASentence2047.csproj", "{57AB8DD2-BDF4-46CD-BAB4-F89AC853F540}"
EndProject
Project("{9A19103F-16F7-4668-BE54-9A1E7A4F7556}") = "SumOfValuesAtIndicesWithKSetBits2859", "SumOfValuesAtIndicesWithKSetBits\SumOfValuesAtIndicesWithKSetBits2859.csproj", "{F8C95026-FA8F-4EBF-8D54-87338227496D}"
EndProject
Project("{9A19103F-16F7-4668-BE54-9A1E7A4F7556}") = "MinimumRightShiftsToSortTheArray2855", "MinimumRightShiftsToSortTheArray2855\MinimumRightShiftsToSortTheArray2855.csproj", "{F1063AF1-283B-44A5-BE86-B5B301519215}"
EndProject
Project("{9A19103F-16F7-4668-BE54-9A1E7A4F7556}") = "DecodeXORedArray1720", "DecodeXORedArray1720\DecodeXORedArray1720.csproj", "{5372EE7F-2381-4A98-8534-AF3812624734}"
EndProject
Project("{9A19103F-16F7-4668-BE54-9A1E7A4F7556}") = "LeftAndRightSumDifferences2574", "LeftAndRightSumDifferences2574\LeftAndRightSumDifferences2574.csproj", "{F649F043-2145-4326-A102-110F70FB8C2D}"
EndProject
Project("{9A19103F-16F7-4668-BE54-9A1E7A4F7556}") = "CreateTargetArrayInTheGivenOrder1389", "CreateTargetArrayInTheGivenOrder1389\CreateTargetArrayInTheGivenOrder1389.csproj", "{CAD79A96-183F-4F7E-9161-73CBD9D71EC4}"
EndProject
Project("{FAE04EC0-301F-11D3-BF4B-00C04F79EFBC}") = "DecompressRunLengthEncodedList1313", "DecompressRunLengthEncodedList1313\DecompressRunLengthEncodedList1313.csproj", "{69D34D67-CC08-4F09-8634-42BD8E4523B4}"
EndProject
Project("{FAE04EC0-301F-11D3-BF4B-00C04F79EFBC}") = "MinimumNumberGame2974", "MinimumNumberGame2974\MinimumNumberGame2974.csproj", "{B82ABADC-2D21-4978-9ABD-61449BE5D657}"
EndProject
Global
	GlobalSection(SolutionConfigurationPlatforms) = preSolution
		Debug|Any CPU = Debug|Any CPU
		Release|Any CPU = Release|Any CPU
	EndGlobalSection
	GlobalSection(ProjectConfigurationPlatforms) = postSolution
		{FC5EE6E0-7ECA-41C6-B368-189F75157799}.Debug|Any CPU.ActiveCfg = Debug|Any CPU
		{FC5EE6E0-7ECA-41C6-B368-189F75157799}.Debug|Any CPU.Build.0 = Debug|Any CPU
		{FC5EE6E0-7ECA-41C6-B368-189F75157799}.Release|Any CPU.ActiveCfg = Release|Any CPU
		{FC5EE6E0-7ECA-41C6-B368-189F75157799}.Release|Any CPU.Build.0 = Release|Any CPU
		{6557E04A-3AFA-4B54-A975-AD5BD5385FFB}.Debug|Any CPU.ActiveCfg = Debug|Any CPU
		{6557E04A-3AFA-4B54-A975-AD5BD5385FFB}.Debug|Any CPU.Build.0 = Debug|Any CPU
		{6557E04A-3AFA-4B54-A975-AD5BD5385FFB}.Release|Any CPU.ActiveCfg = Release|Any CPU
		{6557E04A-3AFA-4B54-A975-AD5BD5385FFB}.Release|Any CPU.Build.0 = Release|Any CPU
		{551681C2-53B5-4EAB-B82A-FE37C0CB9755}.Debug|Any CPU.ActiveCfg = Debug|Any CPU
		{551681C2-53B5-4EAB-B82A-FE37C0CB9755}.Debug|Any CPU.Build.0 = Debug|Any CPU
		{551681C2-53B5-4EAB-B82A-FE37C0CB9755}.Release|Any CPU.ActiveCfg = Release|Any CPU
		{551681C2-53B5-4EAB-B82A-FE37C0CB9755}.Release|Any CPU.Build.0 = Release|Any CPU
		{6EBAA64E-E1BA-482C-B3DF-8CAE170AAFDE}.Debug|Any CPU.ActiveCfg = Debug|Any CPU
		{6EBAA64E-E1BA-482C-B3DF-8CAE170AAFDE}.Debug|Any CPU.Build.0 = Debug|Any CPU
		{6EBAA64E-E1BA-482C-B3DF-8CAE170AAFDE}.Release|Any CPU.ActiveCfg = Release|Any CPU
		{6EBAA64E-E1BA-482C-B3DF-8CAE170AAFDE}.Release|Any CPU.Build.0 = Release|Any CPU
		{E9D9B954-93B4-475F-94F4-537D090C14FD}.Debug|Any CPU.ActiveCfg = Debug|Any CPU
		{E9D9B954-93B4-475F-94F4-537D090C14FD}.Debug|Any CPU.Build.0 = Debug|Any CPU
		{E9D9B954-93B4-475F-94F4-537D090C14FD}.Release|Any CPU.ActiveCfg = Release|Any CPU
		{E9D9B954-93B4-475F-94F4-537D090C14FD}.Release|Any CPU.Build.0 = Release|Any CPU
		{407064A6-E588-46BA-AFF2-1A525A4B0278}.Debug|Any CPU.ActiveCfg = Debug|Any CPU
		{407064A6-E588-46BA-AFF2-1A525A4B0278}.Debug|Any CPU.Build.0 = Debug|Any CPU
		{407064A6-E588-46BA-AFF2-1A525A4B0278}.Release|Any CPU.ActiveCfg = Release|Any CPU
		{407064A6-E588-46BA-AFF2-1A525A4B0278}.Release|Any CPU.Build.0 = Release|Any CPU
		{5521E7F5-43A8-4483-84E7-984C960BC59A}.Debug|Any CPU.ActiveCfg = Debug|Any CPU
		{5521E7F5-43A8-4483-84E7-984C960BC59A}.Debug|Any CPU.Build.0 = Debug|Any CPU
		{5521E7F5-43A8-4483-84E7-984C960BC59A}.Release|Any CPU.ActiveCfg = Release|Any CPU
		{5521E7F5-43A8-4483-84E7-984C960BC59A}.Release|Any CPU.Build.0 = Release|Any CPU
		{82B0CEB2-2C6B-46DE-B5B4-FCE057BD013C}.Debug|Any CPU.ActiveCfg = Debug|Any CPU
		{82B0CEB2-2C6B-46DE-B5B4-FCE057BD013C}.Debug|Any CPU.Build.0 = Debug|Any CPU
		{82B0CEB2-2C6B-46DE-B5B4-FCE057BD013C}.Release|Any CPU.ActiveCfg = Release|Any CPU
		{82B0CEB2-2C6B-46DE-B5B4-FCE057BD013C}.Release|Any CPU.Build.0 = Release|Any CPU
		{49A86031-1CC9-49F7-AE79-178F8CA02AEC}.Debug|Any CPU.ActiveCfg = Debug|Any CPU
		{49A86031-1CC9-49F7-AE79-178F8CA02AEC}.Debug|Any CPU.Build.0 = Debug|Any CPU
		{49A86031-1CC9-49F7-AE79-178F8CA02AEC}.Release|Any CPU.ActiveCfg = Release|Any CPU
		{49A86031-1CC9-49F7-AE79-178F8CA02AEC}.Release|Any CPU.Build.0 = Release|Any CPU
		{C7903123-9C61-434B-A82A-41034C13B223}.Debug|Any CPU.ActiveCfg = Debug|Any CPU
		{C7903123-9C61-434B-A82A-41034C13B223}.Debug|Any CPU.Build.0 = Debug|Any CPU
		{C7903123-9C61-434B-A82A-41034C13B223}.Release|Any CPU.ActiveCfg = Release|Any CPU
		{C7903123-9C61-434B-A82A-41034C13B223}.Release|Any CPU.Build.0 = Release|Any CPU
		{A9236C48-E54F-4B24-9B20-53F278A56E31}.Debug|Any CPU.ActiveCfg = Debug|Any CPU
		{A9236C48-E54F-4B24-9B20-53F278A56E31}.Debug|Any CPU.Build.0 = Debug|Any CPU
		{A9236C48-E54F-4B24-9B20-53F278A56E31}.Release|Any CPU.ActiveCfg = Release|Any CPU
		{A9236C48-E54F-4B24-9B20-53F278A56E31}.Release|Any CPU.Build.0 = Release|Any CPU
		{4C671F68-301D-46ED-A660-B923559C336E}.Debug|Any CPU.ActiveCfg = Debug|Any CPU
		{4C671F68-301D-46ED-A660-B923559C336E}.Debug|Any CPU.Build.0 = Debug|Any CPU
		{4C671F68-301D-46ED-A660-B923559C336E}.Release|Any CPU.ActiveCfg = Release|Any CPU
		{4C671F68-301D-46ED-A660-B923559C336E}.Release|Any CPU.Build.0 = Release|Any CPU
		{826AEF85-5800-4694-9F24-08857F4B1E9B}.Debug|Any CPU.ActiveCfg = Debug|Any CPU
		{826AEF85-5800-4694-9F24-08857F4B1E9B}.Debug|Any CPU.Build.0 = Debug|Any CPU
		{826AEF85-5800-4694-9F24-08857F4B1E9B}.Release|Any CPU.ActiveCfg = Release|Any CPU
		{826AEF85-5800-4694-9F24-08857F4B1E9B}.Release|Any CPU.Build.0 = Release|Any CPU
		{73CF650B-20E3-4EFA-8364-4DE5594603AE}.Debug|Any CPU.ActiveCfg = Debug|Any CPU
		{73CF650B-20E3-4EFA-8364-4DE5594603AE}.Debug|Any CPU.Build.0 = Debug|Any CPU
		{73CF650B-20E3-4EFA-8364-4DE5594603AE}.Release|Any CPU.ActiveCfg = Release|Any CPU
		{73CF650B-20E3-4EFA-8364-4DE5594603AE}.Release|Any CPU.Build.0 = Release|Any CPU
		{66385219-FA3D-4EE2-8C02-3B8C11911EC3}.Debug|Any CPU.ActiveCfg = Debug|Any CPU
		{66385219-FA3D-4EE2-8C02-3B8C11911EC3}.Debug|Any CPU.Build.0 = Debug|Any CPU
		{66385219-FA3D-4EE2-8C02-3B8C11911EC3}.Release|Any CPU.ActiveCfg = Release|Any CPU
		{66385219-FA3D-4EE2-8C02-3B8C11911EC3}.Release|Any CPU.Build.0 = Release|Any CPU
		{2B70895E-1A23-49D5-91F5-01D1411947A8}.Debug|Any CPU.ActiveCfg = Debug|Any CPU
		{2B70895E-1A23-49D5-91F5-01D1411947A8}.Debug|Any CPU.Build.0 = Debug|Any CPU
		{2B70895E-1A23-49D5-91F5-01D1411947A8}.Release|Any CPU.ActiveCfg = Release|Any CPU
		{2B70895E-1A23-49D5-91F5-01D1411947A8}.Release|Any CPU.Build.0 = Release|Any CPU
		{9CC53981-8C3C-4097-A72D-441D2B18892B}.Debug|Any CPU.ActiveCfg = Debug|Any CPU
		{9CC53981-8C3C-4097-A72D-441D2B18892B}.Debug|Any CPU.Build.0 = Debug|Any CPU
		{9CC53981-8C3C-4097-A72D-441D2B18892B}.Release|Any CPU.ActiveCfg = Release|Any CPU
		{9CC53981-8C3C-4097-A72D-441D2B18892B}.Release|Any CPU.Build.0 = Release|Any CPU
		{77BDCC25-76B9-450B-B81F-3B032E28F606}.Debug|Any CPU.ActiveCfg = Debug|Any CPU
		{77BDCC25-76B9-450B-B81F-3B032E28F606}.Debug|Any CPU.Build.0 = Debug|Any CPU
		{77BDCC25-76B9-450B-B81F-3B032E28F606}.Release|Any CPU.ActiveCfg = Release|Any CPU
		{77BDCC25-76B9-450B-B81F-3B032E28F606}.Release|Any CPU.Build.0 = Release|Any CPU
		{1A1B49F9-1917-42F6-A030-C871EDEDF53D}.Debug|Any CPU.ActiveCfg = Debug|Any CPU
		{1A1B49F9-1917-42F6-A030-C871EDEDF53D}.Debug|Any CPU.Build.0 = Debug|Any CPU
		{1A1B49F9-1917-42F6-A030-C871EDEDF53D}.Release|Any CPU.ActiveCfg = Release|Any CPU
		{1A1B49F9-1917-42F6-A030-C871EDEDF53D}.Release|Any CPU.Build.0 = Release|Any CPU
		{73DA1818-CA90-4CBF-81F7-6C61655EB521}.Debug|Any CPU.ActiveCfg = Debug|Any CPU
		{73DA1818-CA90-4CBF-81F7-6C61655EB521}.Debug|Any CPU.Build.0 = Debug|Any CPU
		{73DA1818-CA90-4CBF-81F7-6C61655EB521}.Release|Any CPU.ActiveCfg = Release|Any CPU
		{73DA1818-CA90-4CBF-81F7-6C61655EB521}.Release|Any CPU.Build.0 = Release|Any CPU
		{57AB8DD2-BDF4-46CD-BAB4-F89AC853F540}.Debug|Any CPU.ActiveCfg = Debug|Any CPU
		{57AB8DD2-BDF4-46CD-BAB4-F89AC853F540}.Debug|Any CPU.Build.0 = Debug|Any CPU
		{57AB8DD2-BDF4-46CD-BAB4-F89AC853F540}.Release|Any CPU.ActiveCfg = Release|Any CPU
		{57AB8DD2-BDF4-46CD-BAB4-F89AC853F540}.Release|Any CPU.Build.0 = Release|Any CPU
		{F8C95026-FA8F-4EBF-8D54-87338227496D}.Debug|Any CPU.ActiveCfg = Debug|Any CPU
		{F8C95026-FA8F-4EBF-8D54-87338227496D}.Debug|Any CPU.Build.0 = Debug|Any CPU
		{F8C95026-FA8F-4EBF-8D54-87338227496D}.Release|Any CPU.ActiveCfg = Release|Any CPU
		{F8C95026-FA8F-4EBF-8D54-87338227496D}.Release|Any CPU.Build.0 = Release|Any CPU
		{F1063AF1-283B-44A5-BE86-B5B301519215}.Debug|Any CPU.ActiveCfg = Debug|Any CPU
		{F1063AF1-283B-44A5-BE86-B5B301519215}.Debug|Any CPU.Build.0 = Debug|Any CPU
		{F1063AF1-283B-44A5-BE86-B5B301519215}.Release|Any CPU.ActiveCfg = Release|Any CPU
		{F1063AF1-283B-44A5-BE86-B5B301519215}.Release|Any CPU.Build.0 = Release|Any CPU
		{5372EE7F-2381-4A98-8534-AF3812624734}.Debug|Any CPU.ActiveCfg = Debug|Any CPU
		{5372EE7F-2381-4A98-8534-AF3812624734}.Debug|Any CPU.Build.0 = Debug|Any CPU
		{5372EE7F-2381-4A98-8534-AF3812624734}.Release|Any CPU.ActiveCfg = Release|Any CPU
		{5372EE7F-2381-4A98-8534-AF3812624734}.Release|Any CPU.Build.0 = Release|Any CPU
		{F649F043-2145-4326-A102-110F70FB8C2D}.Debug|Any CPU.ActiveCfg = Debug|Any CPU
		{F649F043-2145-4326-A102-110F70FB8C2D}.Debug|Any CPU.Build.0 = Debug|Any CPU
		{F649F043-2145-4326-A102-110F70FB8C2D}.Release|Any CPU.ActiveCfg = Release|Any CPU
		{F649F043-2145-4326-A102-110F70FB8C2D}.Release|Any CPU.Build.0 = Release|Any CPU
		{CAD79A96-183F-4F7E-9161-73CBD9D71EC4}.Debug|Any CPU.ActiveCfg = Debug|Any CPU
		{CAD79A96-183F-4F7E-9161-73CBD9D71EC4}.Debug|Any CPU.Build.0 = Debug|Any CPU
		{CAD79A96-183F-4F7E-9161-73CBD9D71EC4}.Release|Any CPU.ActiveCfg = Release|Any CPU
		{CAD79A96-183F-4F7E-9161-73CBD9D71EC4}.Release|Any CPU.Build.0 = Release|Any CPU
		{69D34D67-CC08-4F09-8634-42BD8E4523B4}.Debug|Any CPU.ActiveCfg = Debug|Any CPU
		{69D34D67-CC08-4F09-8634-42BD8E4523B4}.Debug|Any CPU.Build.0 = Debug|Any CPU
		{69D34D67-CC08-4F09-8634-42BD8E4523B4}.Release|Any CPU.ActiveCfg = Release|Any CPU
		{69D34D67-CC08-4F09-8634-42BD8E4523B4}.Release|Any CPU.Build.0 = Release|Any CPU
		{B82ABADC-2D21-4978-9ABD-61449BE5D657}.Debug|Any CPU.ActiveCfg = Debug|Any CPU
		{B82ABADC-2D21-4978-9ABD-61449BE5D657}.Debug|Any CPU.Build.0 = Debug|Any CPU
		{B82ABADC-2D21-4978-9ABD-61449BE5D657}.Release|Any CPU.ActiveCfg = Release|Any CPU
		{B82ABADC-2D21-4978-9ABD-61449BE5D657}.Release|Any CPU.Build.0 = Release|Any CPU
	EndGlobalSection
	GlobalSection(SolutionProperties) = preSolution
		HideSolutionNode = FALSE
	EndGlobalSection
	GlobalSection(ExtensibilityGlobals) = postSolution
		SolutionGuid = {4AE7D4E6-882A-4D2A-BE2A-7D5CA1D8A02D}
	EndGlobalSection
EndGlobal
